
Microsoft Visual Studio Solution File, Format Version 12.00
# Visual Studio Version 17
VisualStudioVersion = 17.9.34714.143
MinimumVisualStudioVersion = 10.0.40219.1
Project("{2150E333-8FDC-42A3-9474-1A3956D46DE8}") = "books", "books", "{02956A1D-F516-48E7-A007-588C0C7FF0BC}"
EndProject
Project("{2150E333-8FDC-42A3-9474-1A3956D46DE8}") = "Golden_rules_of_competitive_programming", "Golden_rules_of_competitive_programming", "{114EE7F7-E4DE-4865-9025-D3B2CDA05EEE}"
EndProject
Project("{9A19103F-16F7-4668-BE54-9A1E7A4F7556}") = "A01_The_First_Problem", "books\Golden_rules_of_competitive_programming\A01_The_First_Problem\A01_The_First_Problem.csproj", "{4BD4661C-3A38-4DFC-9C73-05F9E80DD801}"
EndProject
Project("{9A19103F-16F7-4668-BE54-9A1E7A4F7556}") = "A02_Linear_Search", "books\Golden_rules_of_competitive_programming\A02_Linear_Search\A02_Linear_Search.csproj", "{442183A5-8B0F-4332-8947-FFF92F96DB2A}"
EndProject
Project("{9A19103F-16F7-4668-BE54-9A1E7A4F7556}") = "A03_Two_Cards", "books\Golden_rules_of_competitive_programming\A03_Two_Cards\A03_Two_Cards.csproj", "{C3AFC913-5869-4DF3-B276-1391D04C2DB6}"
EndProject
Project("{9A19103F-16F7-4668-BE54-9A1E7A4F7556}") = "A04_BinaryRepresentation1", "books\Golden_rules_of_competitive_programming\A04_BinaryRepresentation1\A04_BinaryRepresentation1.csproj", "{0D9BC01F-D8D4-4049-998C-62557D0281E1}"
EndProject
Project("{9A19103F-16F7-4668-BE54-9A1E7A4F7556}") = "A05_Three_Cards", "books\Golden_rules_of_competitive_programming\A05_Three_Cards\A05_Three_Cards.csproj", "{788E8F98-B087-4BFF-ABD7-736FD55F64FC}"
EndProject
Project("{9A19103F-16F7-4668-BE54-9A1E7A4F7556}") = "A06_How Many Guests", "books\Golden_rules_of_competitive_programming\A06_How Many Guests\A06_How Many Guests.csproj", "{4B2347FF-A1E2-4EF2-9ADA-037CA53B9329}"
EndProject
Project("{9A19103F-16F7-4668-BE54-9A1E7A4F7556}") = "A07_Event_Attendance", "books\Golden_rules_of_competitive_programming\A07_Event_Attendance\A07_Event_Attendance.csproj", "{D48EC301-47F9-42B0-82FC-61260D42A350}"
EndProject
Project("{9A19103F-16F7-4668-BE54-9A1E7A4F7556}") = "A08_Two_Dimensional_Sum", "books\Golden_rules_of_competitive_programming\A08_Two_Dimensional_Sum\A08_Two_Dimensional_Sum.csproj", "{C5C076FC-22AD-4CC1-8475-6CA31EC3096D}"
EndProject
Project("{2150E333-8FDC-42A3-9474-1A3956D46DE8}") = "contests", "contests", "{3FDFBCED-B4F2-4B13-A353-9C2B7DDCB2D6}"
EndProject
Project("{2150E333-8FDC-42A3-9474-1A3956D46DE8}") = "heuristiccontests", "heuristiccontests", "{DC79CBD3-8033-42FB-AED0-064E4DFF7897}"
EndProject
Project("{2150E333-8FDC-42A3-9474-1A3956D46DE8}") = "SolutionItems", "SolutionItems", "{3F8C1BAA-4731-4576-9EE7-CA211B904355}"
	ProjectSection(SolutionItems) = preProject
		readme.md = readme.md
	EndProjectSection
EndProject
Project("{2150E333-8FDC-42A3-9474-1A3956D46DE8}") = "AtCoder50", "AtCoder50", "{B2A8A1CF-6155-4362-9E98-8CC2F590B3A3}"
EndProject
Project("{2150E333-8FDC-42A3-9474-1A3956D46DE8}") = "2026", "2026", "{629C8D14-29B7-4140-8E8A-EE8FC94907FB}"
EndProject
Project("{2150E333-8FDC-42A3-9474-1A3956D46DE8}") = "20260103", "20260103", "{AB4A4B6C-1261-41C4-B3B9-E9C445AA3DAB}"
EndProject
Project("{FAE04EC0-301F-11D3-BF4B-00C04F79EFBC}") = "r8_0103_assingment_A", "contests\2026\20260103\r8_0103_assingment_A\r8_0103_assingment_A.csproj", "{6BC9CA73-C92F-4351-B464-A397E5F1C230}"
EndProject
Project("{FAE04EC0-301F-11D3-BF4B-00C04F79EFBC}") = "r8_0103_assingment_B", "contests\2026\20260103\r8_0103_assingment_B\r8_0103_assingment_B.csproj", "{502E7BA2-4387-4803-A90F-DBC6EAEBC88A}"
EndProject
Project("{FAE04EC0-301F-11D3-BF4B-00C04F79EFBC}") = "r8_0103_assingment_C", "contests\2026\20260103\r8_0103_assingment_C\r8_0103_assingment_C.csproj", "{18B25B0F-BC69-4E6F-8C07-4E2D59F72147}"
EndProject
Project("{FAE04EC0-301F-11D3-BF4B-00C04F79EFBC}") = "1_SquareInequality", "books\AtCoder50\1_SquareInequality\1_SquareInequality.csproj", "{1CC848CA-5908-4BB5-8CE2-4C7B028F3FA6}"
EndProject
Project("{FAE04EC0-301F-11D3-BF4B-00C04F79EFBC}") = "2_Rotate", "books\AtCoder50\2_Rotate\2_Rotate.csproj", "{5B8518D9-045E-4A06-B453-46872B4EE683}"
EndProject
Project("{FAE04EC0-301F-11D3-BF4B-00C04F79EFBC}") = "3_Orthogonality", "books\AtCoder50\3_Orthogonality\3_Orthogonality.csproj", "{B973D54F-575A-40DF-A4A2-0ABDDBD8DEFF}"
EndProject
Project("{FAE04EC0-301F-11D3-BF4B-00C04F79EFBC}") = "4_RemoveIt", "books\AtCoder50\4_RemoveIt\4_RemoveIt.csproj", "{D66E16CD-22C9-4082-AFB1-66C457AC3AA5}"
EndProject
Project("{FAE04EC0-301F-11D3-BF4B-00C04F79EFBC}") = "5_Magic3", "books\AtCoder50\5_Magic3\5_Magic3.csproj", "{651A8C46-9DF3-4B4B-BBC8-5A512A835D07}"
EndProject
Global
	GlobalSection(SolutionConfigurationPlatforms) = preSolution
		Debug|Any CPU = Debug|Any CPU
		Release|Any CPU = Release|Any CPU
	EndGlobalSection
	GlobalSection(ProjectConfigurationPlatforms) = postSolution
		{4BD4661C-3A38-4DFC-9C73-05F9E80DD801}.Debug|Any CPU.ActiveCfg = Debug|Any CPU
		{4BD4661C-3A38-4DFC-9C73-05F9E80DD801}.Debug|Any CPU.Build.0 = Debug|Any CPU
		{4BD4661C-3A38-4DFC-9C73-05F9E80DD801}.Release|Any CPU.ActiveCfg = Release|Any CPU
		{4BD4661C-3A38-4DFC-9C73-05F9E80DD801}.Release|Any CPU.Build.0 = Release|Any CPU
		{442183A5-8B0F-4332-8947-FFF92F96DB2A}.Debug|Any CPU.ActiveCfg = Debug|Any CPU
		{442183A5-8B0F-4332-8947-FFF92F96DB2A}.Debug|Any CPU.Build.0 = Debug|Any CPU
		{442183A5-8B0F-4332-8947-FFF92F96DB2A}.Release|Any CPU.ActiveCfg = Release|Any CPU
		{442183A5-8B0F-4332-8947-FFF92F96DB2A}.Release|Any CPU.Build.0 = Release|Any CPU
		{C3AFC913-5869-4DF3-B276-1391D04C2DB6}.Debug|Any CPU.ActiveCfg = Debug|Any CPU
		{C3AFC913-5869-4DF3-B276-1391D04C2DB6}.Debug|Any CPU.Build.0 = Debug|Any CPU
		{C3AFC913-5869-4DF3-B276-1391D04C2DB6}.Release|Any CPU.ActiveCfg = Release|Any CPU
		{C3AFC913-5869-4DF3-B276-1391D04C2DB6}.Release|Any CPU.Build.0 = Release|Any CPU
		{0D9BC01F-D8D4-4049-998C-62557D0281E1}.Debug|Any CPU.ActiveCfg = Debug|Any CPU
		{0D9BC01F-D8D4-4049-998C-62557D0281E1}.Debug|Any CPU.Build.0 = Debug|Any CPU
		{0D9BC01F-D8D4-4049-998C-62557D0281E1}.Release|Any CPU.ActiveCfg = Release|Any CPU
		{0D9BC01F-D8D4-4049-998C-62557D0281E1}.Release|Any CPU.Build.0 = Release|Any CPU
		{788E8F98-B087-4BFF-ABD7-736FD55F64FC}.Debug|Any CPU.ActiveCfg = Debug|Any CPU
		{788E8F98-B087-4BFF-ABD7-736FD55F64FC}.Debug|Any CPU.Build.0 = Debug|Any CPU
		{788E8F98-B087-4BFF-ABD7-736FD55F64FC}.Release|Any CPU.ActiveCfg = Release|Any CPU
		{788E8F98-B087-4BFF-ABD7-736FD55F64FC}.Release|Any CPU.Build.0 = Release|Any CPU
		{4B2347FF-A1E2-4EF2-9ADA-037CA53B9329}.Debug|Any CPU.ActiveCfg = Debug|Any CPU
		{4B2347FF-A1E2-4EF2-9ADA-037CA53B9329}.Debug|Any CPU.Build.0 = Debug|Any CPU
		{4B2347FF-A1E2-4EF2-9ADA-037CA53B9329}.Release|Any CPU.ActiveCfg = Release|Any CPU
		{4B2347FF-A1E2-4EF2-9ADA-037CA53B9329}.Release|Any CPU.Build.0 = Release|Any CPU
		{D48EC301-47F9-42B0-82FC-61260D42A350}.Debug|Any CPU.ActiveCfg = Debug|Any CPU
		{D48EC301-47F9-42B0-82FC-61260D42A350}.Debug|Any CPU.Build.0 = Debug|Any CPU
		{D48EC301-47F9-42B0-82FC-61260D42A350}.Release|Any CPU.ActiveCfg = Release|Any CPU
		{D48EC301-47F9-42B0-82FC-61260D42A350}.Release|Any CPU.Build.0 = Release|Any CPU
		{C5C076FC-22AD-4CC1-8475-6CA31EC3096D}.Debug|Any CPU.ActiveCfg = Debug|Any CPU
		{C5C076FC-22AD-4CC1-8475-6CA31EC3096D}.Debug|Any CPU.Build.0 = Debug|Any CPU
		{C5C076FC-22AD-4CC1-8475-6CA31EC3096D}.Release|Any CPU.ActiveCfg = Release|Any CPU
		{C5C076FC-22AD-4CC1-8475-6CA31EC3096D}.Release|Any CPU.Build.0 = Release|Any CPU
		{6BC9CA73-C92F-4351-B464-A397E5F1C230}.Debug|Any CPU.ActiveCfg = Debug|Any CPU
		{6BC9CA73-C92F-4351-B464-A397E5F1C230}.Debug|Any CPU.Build.0 = Debug|Any CPU
		{6BC9CA73-C92F-4351-B464-A397E5F1C230}.Release|Any CPU.ActiveCfg = Release|Any CPU
		{6BC9CA73-C92F-4351-B464-A397E5F1C230}.Release|Any CPU.Build.0 = Release|Any CPU
		{502E7BA2-4387-4803-A90F-DBC6EAEBC88A}.Debug|Any CPU.ActiveCfg = Debug|Any CPU
		{502E7BA2-4387-4803-A90F-DBC6EAEBC88A}.Debug|Any CPU.Build.0 = Debug|Any CPU
		{502E7BA2-4387-4803-A90F-DBC6EAEBC88A}.Release|Any CPU.ActiveCfg = Release|Any CPU
		{502E7BA2-4387-4803-A90F-DBC6EAEBC88A}.Release|Any CPU.Build.0 = Release|Any CPU
		{18B25B0F-BC69-4E6F-8C07-4E2D59F72147}.Debug|Any CPU.ActiveCfg = Debug|Any CPU
		{18B25B0F-BC69-4E6F-8C07-4E2D59F72147}.Debug|Any CPU.Build.0 = Debug|Any CPU
		{18B25B0F-BC69-4E6F-8C07-4E2D59F72147}.Release|Any CPU.ActiveCfg = Release|Any CPU
		{18B25B0F-BC69-4E6F-8C07-4E2D59F72147}.Release|Any CPU.Build.0 = Release|Any CPU
		{1CC848CA-5908-4BB5-8CE2-4C7B028F3FA6}.Debug|Any CPU.ActiveCfg = Debug|Any CPU
		{1CC848CA-5908-4BB5-8CE2-4C7B028F3FA6}.Debug|Any CPU.Build.0 = Debug|Any CPU
		{1CC848CA-5908-4BB5-8CE2-4C7B028F3FA6}.Release|Any CPU.ActiveCfg = Release|Any CPU
		{1CC848CA-5908-4BB5-8CE2-4C7B028F3FA6}.Release|Any CPU.Build.0 = Release|Any CPU
		{5B8518D9-045E-4A06-B453-46872B4EE683}.Debug|Any CPU.ActiveCfg = Debug|Any CPU
		{5B8518D9-045E-4A06-B453-46872B4EE683}.Debug|Any CPU.Build.0 = Debug|Any CPU
		{5B8518D9-045E-4A06-B453-46872B4EE683}.Release|Any CPU.ActiveCfg = Release|Any CPU
		{5B8518D9-045E-4A06-B453-46872B4EE683}.Release|Any CPU.Build.0 = Release|Any CPU
		{B973D54F-575A-40DF-A4A2-0ABDDBD8DEFF}.Debug|Any CPU.ActiveCfg = Debug|Any CPU
		{B973D54F-575A-40DF-A4A2-0ABDDBD8DEFF}.Debug|Any CPU.Build.0 = Debug|Any CPU
		{B973D54F-575A-40DF-A4A2-0ABDDBD8DEFF}.Release|Any CPU.ActiveCfg = Release|Any CPU
		{B973D54F-575A-40DF-A4A2-0ABDDBD8DEFF}.Release|Any CPU.Build.0 = Release|Any CPU
		{D66E16CD-22C9-4082-AFB1-66C457AC3AA5}.Debug|Any CPU.ActiveCfg = Debug|Any CPU
		{D66E16CD-22C9-4082-AFB1-66C457AC3AA5}.Debug|Any CPU.Build.0 = Debug|Any CPU
		{D66E16CD-22C9-4082-AFB1-66C457AC3AA5}.Release|Any CPU.ActiveCfg = Release|Any CPU
		{D66E16CD-22C9-4082-AFB1-66C457AC3AA5}.Release|Any CPU.Build.0 = Release|Any CPU
		{651A8C46-9DF3-4B4B-BBC8-5A512A835D07}.Debug|Any CPU.ActiveCfg = Debug|Any CPU
		{651A8C46-9DF3-4B4B-BBC8-5A512A835D07}.Debug|Any CPU.Build.0 = Debug|Any CPU
		{651A8C46-9DF3-4B4B-BBC8-5A512A835D07}.Release|Any CPU.ActiveCfg = Release|Any CPU
		{651A8C46-9DF3-4B4B-BBC8-5A512A835D07}.Release|Any CPU.Build.0 = Release|Any CPU
	EndGlobalSection
	GlobalSection(SolutionProperties) = preSolution
		HideSolutionNode = FALSE
	EndGlobalSection
	GlobalSection(NestedProjects) = preSolution
		{114EE7F7-E4DE-4865-9025-D3B2CDA05EEE} = {02956A1D-F516-48E7-A007-588C0C7FF0BC}
		{4BD4661C-3A38-4DFC-9C73-05F9E80DD801} = {114EE7F7-E4DE-4865-9025-D3B2CDA05EEE}
		{442183A5-8B0F-4332-8947-FFF92F96DB2A} = {114EE7F7-E4DE-4865-9025-D3B2CDA05EEE}
		{C3AFC913-5869-4DF3-B276-1391D04C2DB6} = {114EE7F7-E4DE-4865-9025-D3B2CDA05EEE}
		{0D9BC01F-D8D4-4049-998C-62557D0281E1} = {114EE7F7-E4DE-4865-9025-D3B2CDA05EEE}
		{788E8F98-B087-4BFF-ABD7-736FD55F64FC} = {114EE7F7-E4DE-4865-9025-D3B2CDA05EEE}
		{4B2347FF-A1E2-4EF2-9ADA-037CA53B9329} = {114EE7F7-E4DE-4865-9025-D3B2CDA05EEE}
		{D48EC301-47F9-42B0-82FC-61260D42A350} = {114EE7F7-E4DE-4865-9025-D3B2CDA05EEE}
		{C5C076FC-22AD-4CC1-8475-6CA31EC3096D} = {114EE7F7-E4DE-4865-9025-D3B2CDA05EEE}
		{B2A8A1CF-6155-4362-9E98-8CC2F590B3A3} = {02956A1D-F516-48E7-A007-588C0C7FF0BC}
		{629C8D14-29B7-4140-8E8A-EE8FC94907FB} = {3FDFBCED-B4F2-4B13-A353-9C2B7DDCB2D6}
		{AB4A4B6C-1261-41C4-B3B9-E9C445AA3DAB} = {629C8D14-29B7-4140-8E8A-EE8FC94907FB}
		{6BC9CA73-C92F-4351-B464-A397E5F1C230} = {AB4A4B6C-1261-41C4-B3B9-E9C445AA3DAB}
		{502E7BA2-4387-4803-A90F-DBC6EAEBC88A} = {AB4A4B6C-1261-41C4-B3B9-E9C445AA3DAB}
		{18B25B0F-BC69-4E6F-8C07-4E2D59F72147} = {AB4A4B6C-1261-41C4-B3B9-E9C445AA3DAB}
		{1CC848CA-5908-4BB5-8CE2-4C7B028F3FA6} = {B2A8A1CF-6155-4362-9E98-8CC2F590B3A3}
		{5B8518D9-045E-4A06-B453-46872B4EE683} = {B2A8A1CF-6155-4362-9E98-8CC2F590B3A3}
		{B973D54F-575A-40DF-A4A2-0ABDDBD8DEFF} = {B2A8A1CF-6155-4362-9E98-8CC2F590B3A3}
		{D66E16CD-22C9-4082-AFB1-66C457AC3AA5} = {B2A8A1CF-6155-4362-9E98-8CC2F590B3A3}
		{651A8C46-9DF3-4B4B-BBC8-5A512A835D07} = {B2A8A1CF-6155-4362-9E98-8CC2F590B3A3}
	EndGlobalSection
	GlobalSection(ExtensibilityGlobals) = postSolution
		SolutionGuid = {E61BC755-28EF-4D04-B147-54A75086C516}
	EndGlobalSection
EndGlobal
