
Microsoft Visual Studio Solution File, Format Version 12.00
# Visual Studio Version 17
VisualStudioVersion = 17.9.34714.143
MinimumVisualStudioVersion = 10.0.40219.1
Project("{2150E333-8FDC-42A3-9474-1A3956D46DE8}") = "20240406", "20240406", "{F8180381-DEAA-4FF7-BCD9-2B1B77DF519B}"
EndProject
Project("{9A19103F-16F7-4668-BE54-9A1E7A4F7556}") = "assignment_A", "contests\2024\20240406\assignment_A\assignment_A.csproj", "{FAC14B38-7726-4732-938A-AE67E7C658FD}"
EndProject
Project("{9A19103F-16F7-4668-BE54-9A1E7A4F7556}") = "assignment_C", "contests\2024\20240406\assignment_C\assignment_C.csproj", "{ED337585-54B2-43A7-A16E-A82132F75979}"
EndProject
Project("{9A19103F-16F7-4668-BE54-9A1E7A4F7556}") = "assignment_B", "contests\2024\20240406\assignment_B\assignment_B.csproj", "{B3A7BA34-926C-4B17-8A34-937D6FBA5C33}"
EndProject
Project("{9A19103F-16F7-4668-BE54-9A1E7A4F7556}") = "assignment_D", "contests\2024\20240406\assignment_D\assignment_D.csproj", "{966BAA7E-C2FD-4FAD-8595-F6F7391B1174}"
EndProject
Project("{2150E333-8FDC-42A3-9474-1A3956D46DE8}") = "20240413", "20240413", "{66CAECF1-C6B1-4E56-8249-67D7B2978CCA}"
EndProject
Project("{9A19103F-16F7-4668-BE54-9A1E7A4F7556}") = "r6_0413_assignment_A", "contests\2024\20240413\r6_0413_assignment_A\r6_0413_assignment_A.csproj", "{96DE6333-AB25-4C15-BE3A-D8B88EC6A970}"
EndProject
Project("{9A19103F-16F7-4668-BE54-9A1E7A4F7556}") = "r6_0413_assignment_B", "contests\2024\20240413\r6_0413_assignment_B\r6_0413_assignment_B.csproj", "{D714F28C-DE0D-4CA5-884C-8BD047C005AD}"
EndProject
Project("{9A19103F-16F7-4668-BE54-9A1E7A4F7556}") = "r6_0413_assignment_C", "contests\2024\20240413\r6_0413_assignment_C\r6_0413_assignment_C.csproj", "{5FC71A41-4DC3-4C27-B6BB-FA194BAD1F8D}"
EndProject
Project("{9A19103F-16F7-4668-BE54-9A1E7A4F7556}") = "r6_0413_assignment_E", "contests\2024\20240413\r6_0413_assignment_E\r6_0413_assignment_E.csproj", "{818D79B7-3337-428B-8002-9D2C49E8E427}"
EndProject
Project("{2150E333-8FDC-42A3-9474-1A3956D46DE8}") = "books", "books", "{02956A1D-F516-48E7-A007-588C0C7FF0BC}"
EndProject
Project("{2150E333-8FDC-42A3-9474-1A3956D46DE8}") = "Golden_rules_of_competitive_programming", "Golden_rules_of_competitive_programming", "{114EE7F7-E4DE-4865-9025-D3B2CDA05EEE}"
EndProject
Project("{9A19103F-16F7-4668-BE54-9A1E7A4F7556}") = "A01_The_First_Problem", "books\Golden_rules_of_competitive_programming\A01_The_First_Problem\A01_The_First_Problem.csproj", "{4BD4661C-3A38-4DFC-9C73-05F9E80DD801}"
EndProject
Project("{9A19103F-16F7-4668-BE54-9A1E7A4F7556}") = "A02_Linear_Search", "books\Golden_rules_of_competitive_programming\A02_Linear_Search\A02_Linear_Search.csproj", "{442183A5-8B0F-4332-8947-FFF92F96DB2A}"
EndProject
Project("{9A19103F-16F7-4668-BE54-9A1E7A4F7556}") = "A03_Two_Cards", "books\Golden_rules_of_competitive_programming\A03_Two_Cards\A03_Two_Cards.csproj", "{C3AFC913-5869-4DF3-B276-1391D04C2DB6}"
EndProject
Project("{9A19103F-16F7-4668-BE54-9A1E7A4F7556}") = "A04_BinaryRepresentation1", "books\Golden_rules_of_competitive_programming\A04_BinaryRepresentation1\A04_BinaryRepresentation1.csproj", "{0D9BC01F-D8D4-4049-998C-62557D0281E1}"
EndProject
Project("{9A19103F-16F7-4668-BE54-9A1E7A4F7556}") = "A05_Three_Cards", "books\Golden_rules_of_competitive_programming\A05_Three_Cards\A05_Three_Cards.csproj", "{788E8F98-B087-4BFF-ABD7-736FD55F64FC}"
EndProject
Project("{2150E333-8FDC-42A3-9474-1A3956D46DE8}") = "20240420", "20240420", "{1A282D6D-9AC7-4B63-B997-F1F787BC4218}"
EndProject
Project("{2150E333-8FDC-42A3-9474-1A3956D46DE8}") = "20240427", "20240427", "{B6DC94E1-9EAF-4661-8944-9B01A97351E6}"
EndProject
Project("{2150E333-8FDC-42A3-9474-1A3956D46DE8}") = "20240504", "20240504", "{1A8B4CBC-6993-44A1-B52D-FCED596A1415}"
EndProject
Project("{9A19103F-16F7-4668-BE54-9A1E7A4F7556}") = "r6_0420_assingment_A", "contests\2024\20240420\r6_0420_assingment_A\r6_0420_assingment_A.csproj", "{4ECEF5F0-5417-46E4-9BD9-A9FE61826BE2}"
EndProject
Project("{9A19103F-16F7-4668-BE54-9A1E7A4F7556}") = "r6_0420_assingment_B", "contests\2024\20240420\r6_0420_assingment_B\r6_0420_assingment_B.csproj", "{EC052693-1AF4-41E1-9A97-074BE58B8AC0}"
EndProject
Project("{9A19103F-16F7-4668-BE54-9A1E7A4F7556}") = "r6_0420_assingment_C", "contests\2024\20240420\r6_0420_assingment_C\r6_0420_assingment_C.csproj", "{1605C654-F7F9-45DC-B5A6-78962501D990}"
EndProject
Project("{9A19103F-16F7-4668-BE54-9A1E7A4F7556}") = "r6_0420_assingment_D", "contests\2024\20240420\r6_0420_assingment_D\r6_0420_assingment_D.csproj", "{E18A19BB-3EE1-4344-AE74-9FC8112B0343}"
EndProject
Project("{9A19103F-16F7-4668-BE54-9A1E7A4F7556}") = "r6_0427_assingment_A", "contests\2024\20240427\r6_0427_assingment_A\r6_0427_assingment_A.csproj", "{FFAE0E94-AA76-456A-94BB-E63BD84BB0F5}"
EndProject
Project("{9A19103F-16F7-4668-BE54-9A1E7A4F7556}") = "r6_0427_assingment_B", "contests\2024\20240427\r6_0427_assingment_B\r6_0427_assingment_B.csproj", "{E5FFDCD5-E1C6-45CF-A069-6A99A93672BC}"
EndProject
Project("{9A19103F-16F7-4668-BE54-9A1E7A4F7556}") = "r6_0427_assingment_C", "contests\2024\20240427\r6_0427_assingment_C\r6_0427_assingment_C.csproj", "{3D4BEADA-505E-4C4E-A591-B25CDB8DB1F6}"
EndProject
Project("{9A19103F-16F7-4668-BE54-9A1E7A4F7556}") = "r6_0427_assingment_D", "contests\2024\20240427\r6_0427_assingment_D\r6_0427_assingment_D.csproj", "{1A93C0E4-B686-4733-BDC7-1AFC6670AFDC}"
EndProject
Project("{9A19103F-16F7-4668-BE54-9A1E7A4F7556}") = "r6_0427_assingment_E", "contests\2024\20240427\r6_0427_assingment_E\r6_0427_assingment_E.csproj", "{C7F6164F-611F-413B-9D29-D300889753BE}"
EndProject
Project("{9A19103F-16F7-4668-BE54-9A1E7A4F7556}") = "A06_How Many Guests", "books\Golden_rules_of_competitive_programming\A06_How Many Guests\A06_How Many Guests.csproj", "{4B2347FF-A1E2-4EF2-9ADA-037CA53B9329}"
EndProject
Project("{9A19103F-16F7-4668-BE54-9A1E7A4F7556}") = "A07_Event_Attendance", "books\Golden_rules_of_competitive_programming\A07_Event_Attendance\A07_Event_Attendance.csproj", "{D48EC301-47F9-42B0-82FC-61260D42A350}"
EndProject
Project("{9A19103F-16F7-4668-BE54-9A1E7A4F7556}") = "A08_Two_Dimensional_Sum", "books\Golden_rules_of_competitive_programming\A08_Two_Dimensional_Sum\A08_Two_Dimensional_Sum.csproj", "{C5C076FC-22AD-4CC1-8475-6CA31EC3096D}"
EndProject
Project("{9A19103F-16F7-4668-BE54-9A1E7A4F7556}") = "r6_0504_assingment_A", "contests\2024\20240504\r6_0504_assingment_A\r6_0504_assingment_A.csproj", "{24EDF6CB-A8CA-423D-AC90-36A7E867D992}"
EndProject
Project("{9A19103F-16F7-4668-BE54-9A1E7A4F7556}") = "r6_0504_assingment_B", "contests\2024\20240504\r6_0504_assingment_B\r6_0504_assingment_B.csproj", "{F0E93D44-63AF-4DA4-881A-8720E1D4E0D1}"
EndProject
Project("{9A19103F-16F7-4668-BE54-9A1E7A4F7556}") = "r6_0504_assingment_C", "contests\2024\20240504\r6_0504_assingment_C\r6_0504_assingment_C.csproj", "{BD7A0A51-D71B-4E6B-A522-6FB859B0BB29}"
EndProject
Project("{9A19103F-16F7-4668-BE54-9A1E7A4F7556}") = "r6_0504_assingment_F", "contests\2024\20240504\r6_0504_assingment_F\r6_0504_assingment_F.csproj", "{59679217-D522-410F-8367-3D9905C3D74A}"
EndProject
Project("{9A19103F-16F7-4668-BE54-9A1E7A4F7556}") = "r6_0504_assingment_D", "contests\2024\20240504\r6_0504_assingment_D\r6_0504_assingment_D.csproj", "{29FE207D-0B8F-4FCE-B67F-1B0E0B5DDFAA}"
EndProject
Project("{2150E333-8FDC-42A3-9474-1A3956D46DE8}") = "20240511", "20240511", "{D4BD5EC7-596B-43EB-A777-93A98C02E5A9}"
EndProject
Project("{2150E333-8FDC-42A3-9474-1A3956D46DE8}") = "contests", "contests", "{3FDFBCED-B4F2-4B13-A353-9C2B7DDCB2D6}"
EndProject
Project("{9A19103F-16F7-4668-BE54-9A1E7A4F7556}") = "r6_0511_assingment_A", "contests\2024\20240511\r6_0511_assingment_A\r6_0511_assingment_A.csproj", "{4AB7E050-A00B-4A0D-9293-8FDD0F3ACAED}"
EndProject
Project("{9A19103F-16F7-4668-BE54-9A1E7A4F7556}") = "r6_0511_assingment_B", "contests\2024\20240511\r6_0511_assingment_B\r6_0511_assingment_B.csproj", "{E717EF11-C679-4F42-A397-2FFEDEAD22E2}"
EndProject
Project("{9A19103F-16F7-4668-BE54-9A1E7A4F7556}") = "r6_0511_assingment_C", "contests\2024\20240511\r6_0511_assingment_C\r6_0511_assingment_C.csproj", "{4FB81C53-0DCD-46B3-813A-6280E8064C52}"
EndProject
Project("{9A19103F-16F7-4668-BE54-9A1E7A4F7556}") = "r6_0511_assingment_D", "contests\2024\20240511\r6_0511_assingment_D\r6_0511_assingment_D.csproj", "{2E5CB4CB-9A21-40FB-B891-2F2E4306A226}"
EndProject
Project("{9A19103F-16F7-4668-BE54-9A1E7A4F7556}") = "r6_0511_assingment_E", "contests\2024\20240511\r6_0511_assingment_E\r6_0511_assingment_E.csproj", "{2F1DBD3E-C381-4A66-8366-CFBAF4514A68}"
EndProject
Project("{2150E333-8FDC-42A3-9474-1A3956D46DE8}") = "20240518", "20240518", "{FC357060-F086-4D0F-8E98-9C4C62751A2B}"
EndProject
Project("{9A19103F-16F7-4668-BE54-9A1E7A4F7556}") = "r6_0518_assingment_A", "contests\2024\20240518\r6_0518_assingment_A\r6_0518_assingment_A.csproj", "{63CBC64E-6CBA-48B2-84D1-B06AD1A6707D}"
EndProject
Project("{9A19103F-16F7-4668-BE54-9A1E7A4F7556}") = "r6_0518_assingment_B", "contests\2024\20240518\r6_0518_assingment_B\r6_0518_assingment_B.csproj", "{B590B0B4-FF4D-4454-A3BE-893516BF8E0E}"
EndProject
Project("{9A19103F-16F7-4668-BE54-9A1E7A4F7556}") = "r6_0518_assingment_C", "contests\2024\20240518\r6_0518_assingment_C\r6_0518_assingment_C.csproj", "{F63F4073-9742-4103-BFFE-7A8E340047E7}"
EndProject
Project("{2150E333-8FDC-42A3-9474-1A3956D46DE8}") = "heuristiccontests", "heuristiccontests", "{DC79CBD3-8033-42FB-AED0-064E4DFF7897}"
EndProject
Project("{2150E333-8FDC-42A3-9474-1A3956D46DE8}") = "SolutionItems", "SolutionItems", "{3F8C1BAA-4731-4576-9EE7-CA211B904355}"
	ProjectSection(SolutionItems) = preProject
		readme.md = readme.md
	EndProjectSection
EndProject
Project("{2150E333-8FDC-42A3-9474-1A3956D46DE8}") = "20240525", "20240525", "{B98EC2E8-29DD-4F18-BD60-D0A77C7D22BB}"
EndProject
Project("{9A19103F-16F7-4668-BE54-9A1E7A4F7556}") = "r6_0525_assingment_A", "contests\2024\20240525\r6_0525_assingment_A\r6_0525_assingment_A.csproj", "{DE1FB9F7-E72B-4445-81A7-0EFD8F79F628}"
EndProject
Project("{9A19103F-16F7-4668-BE54-9A1E7A4F7556}") = "r6_0525_assingment_B", "contests\2024\20240525\r6_0525_assingment_B\r6_0525_assingment_B.csproj", "{805610D8-1B95-48F4-8D8E-90764E99BDF1}"
EndProject
Project("{9A19103F-16F7-4668-BE54-9A1E7A4F7556}") = "r6_0525_assingment_C", "contests\2024\20240525\r6_0525_assingment_C\r6_0525_assingment_C.csproj", "{9021EB28-2B69-4882-B3F3-56617E713914}"
EndProject
Project("{9A19103F-16F7-4668-BE54-9A1E7A4F7556}") = "r6_0525_assingment_D", "contests\2024\20240525\r6_0525_assingment_D\r6_0525_assingment_D.csproj", "{D9A47B3E-4385-44B5-AB42-024CFB5C980B}"
EndProject
Project("{2150E333-8FDC-42A3-9474-1A3956D46DE8}") = "2024", "2024", "{D8614F66-642C-4504-BC97-A9AA63B92AAF}"
EndProject
Project("{2150E333-8FDC-42A3-9474-1A3956D46DE8}") = "20240601", "20240601", "{8A8794FF-3249-42E7-B0F9-8679B00E38B5}"
EndProject
Project("{9A19103F-16F7-4668-BE54-9A1E7A4F7556}") = "r6_0601_assingment_A", "contests\2024\20240601\r6_0601_assingment_A\r6_0601_assingment_A.csproj", "{42D41D43-ABB9-482F-8351-CF8ECDE0344F}"
EndProject
Project("{9A19103F-16F7-4668-BE54-9A1E7A4F7556}") = "r6_0601_assingment_B", "contests\2024\20240601\r6_0601_assingment_B\r6_0601_assingment_B.csproj", "{917F493B-E8D3-449A-9778-11BF882BE46A}"
EndProject
Project("{9A19103F-16F7-4668-BE54-9A1E7A4F7556}") = "r6_0601_assingment_C", "contests\2024\20240601\r6_0601_assingment_C\r6_0601_assingment_C.csproj", "{DEECD19F-8C1A-4E49-93A7-30D3E8FB8CEB}"
EndProject
Project("{9A19103F-16F7-4668-BE54-9A1E7A4F7556}") = "r6_0601_assingment_D", "contests\2024\20240601\r6_0601_assingment_D\r6_0601_assingment_D.csproj", "{607B52CF-A81D-4CB9-8AE3-CDBBB64D69F8}"
EndProject
Project("{2150E333-8FDC-42A3-9474-1A3956D46DE8}") = "20240608", "20240608", "{2E8CE7F6-D923-465A-84CE-8EE7FAE90084}"
EndProject
Project("{9A19103F-16F7-4668-BE54-9A1E7A4F7556}") = "r6_0608_assingment_A", "contests\2024\20240608\r6_0608_assingment_A\r6_0608_assingment_A.csproj", "{54763D61-19EA-4EEF-BB9B-71869DF5BC33}"
EndProject
Project("{9A19103F-16F7-4668-BE54-9A1E7A4F7556}") = "r6_0608_assingment_B", "contests\2024\20240608\r6_0608_assingment_B\r6_0608_assingment_B.csproj", "{BC60A5E0-4DCA-4121-BD36-0241AE824780}"
EndProject
Project("{9A19103F-16F7-4668-BE54-9A1E7A4F7556}") = "r6_0608_assingment_C", "contests\2024\20240608\r6_0608_assingment_C\r6_0608_assingment_C.csproj", "{E351C613-23FE-483F-9341-0955C7BA4A99}"
EndProject
Project("{9A19103F-16F7-4668-BE54-9A1E7A4F7556}") = "r6_0608_assingment_D", "contests\2024\20240608\r6_0608_assingment_D\r6_0608_assingment_D.csproj", "{FA5545E4-B026-4C6B-AEAD-24BCF5E3442D}"
EndProject
Project("{2150E333-8FDC-42A3-9474-1A3956D46DE8}") = "20240615", "20240615", "{C7AB7FE3-1545-44BD-B170-120BED97AB00}"
EndProject
Project("{9A19103F-16F7-4668-BE54-9A1E7A4F7556}") = "r6_0615_assingment_A", "contests\2024\20240615\r6_0615_assingment_A\r6_0615_assingment_A.csproj", "{B5512622-3389-4AD4-B606-856A8BC3BD12}"
EndProject
Project("{9A19103F-16F7-4668-BE54-9A1E7A4F7556}") = "r6_0615_assingment_B", "contests\2024\20240615\r6_0615_assingment_B\r6_0615_assingment_B.csproj", "{7E3FD33E-C997-43B9-BB2F-BD2086C97D78}"
EndProject
Project("{9A19103F-16F7-4668-BE54-9A1E7A4F7556}") = "r6_0615_assingment_C", "contests\2024\20240615\r6_0615_assingment_C\r6_0615_assingment_C.csproj", "{B64C0075-98BB-4916-9EA1-E75C16AD1FFB}"
EndProject
Project("{2150E333-8FDC-42A3-9474-1A3956D46DE8}") = "20240622", "20240622", "{28EC6C71-264F-4C77-AF5F-EF32BC29D166}"
EndProject
Project("{9A19103F-16F7-4668-BE54-9A1E7A4F7556}") = "r6_0622_assingment_A", "contests\2024\20240622\r6_0622_assingment_A\r6_0622_assingment_A.csproj", "{4B47FB30-934D-4CB5-88E7-B1C3B24FDBFB}"
EndProject
Project("{9A19103F-16F7-4668-BE54-9A1E7A4F7556}") = "r6_0622_assingment_B", "contests\2024\20240622\r6_0622_assingment_B\r6_0622_assingment_B.csproj", "{7DC35203-EF1B-416C-9FA6-B56F5EE4936E}"
EndProject
Project("{9A19103F-16F7-4668-BE54-9A1E7A4F7556}") = "r6_0622_assingment_C", "contests\2024\20240622\r6_0622_assingment_C\r6_0622_assingment_C.csproj", "{78D28B2D-6689-40B7-97F7-BE69975BB409}"
EndProject
Project("{2150E333-8FDC-42A3-9474-1A3956D46DE8}") = "20240630", "20240630", "{331F8B4E-4F18-4D9C-A434-0ACB589BF098}"
EndProject
Project("{9A19103F-16F7-4668-BE54-9A1E7A4F7556}") = "r6_0630_assingment_A", "contests\2024\20240630\r6_0630_assingment_A\r6_0630_assingment_A.csproj", "{6AD4C6AF-A1F3-451E-AA87-30950A9603BE}"
EndProject
Project("{9A19103F-16F7-4668-BE54-9A1E7A4F7556}") = "r6_0630_assingment_B", "contests\2024\20240630\r6_0630_assingment_B\r6_0630_assingment_B.csproj", "{E4525AE2-D4CF-4A10-9D3F-7D068356D484}"
EndProject
Project("{9A19103F-16F7-4668-BE54-9A1E7A4F7556}") = "r6_0630_assingment_C", "contests\2024\20240630\r6_0630_assingment_C\r6_0630_assingment_C.csproj", "{30C7C024-AA74-4A8B-B139-D793A0D6F6E0}"
EndProject
Project("{2150E333-8FDC-42A3-9474-1A3956D46DE8}") = "20240706", "20240706", "{04ADA11A-DFF6-4EC4-BD2F-8DF0814F8A78}"
EndProject
Project("{9A19103F-16F7-4668-BE54-9A1E7A4F7556}") = "r6_0706_assingment_A", "contests\2024\20240706\r6_0706_assingment_A\r6_0706_assingment_A.csproj", "{5308559D-F6AC-4500-9934-B9FE96648D81}"
EndProject
Project("{9A19103F-16F7-4668-BE54-9A1E7A4F7556}") = "r6_0706_assingment_B", "contests\2024\20240706\r6_0706_assingment_B\r6_0706_assingment_B.csproj", "{AB9CBF4D-8AE3-4630-B84B-25A1004E0F68}"
EndProject
Project("{9A19103F-16F7-4668-BE54-9A1E7A4F7556}") = "r6_0706_assingment_C", "contests\2024\20240706\r6_0706_assingment_C\r6_0706_assingment_C.csproj", "{D934EC0A-6AB5-414F-AD0A-C238926754DD}"
EndProject
Project("{2150E333-8FDC-42A3-9474-1A3956D46DE8}") = "20240713", "20240713", "{BACB2529-7DE5-4ACC-9951-C9C5623F2740}"
EndProject
Project("{9A19103F-16F7-4668-BE54-9A1E7A4F7556}") = "r6_0713_assingment_A", "contests\2024\20240713\r6_0713_assingment_A\r6_0713_assingment_A.csproj", "{ADBF5BAE-BB0D-44DE-B191-8807DFC0BA31}"
EndProject
Project("{9A19103F-16F7-4668-BE54-9A1E7A4F7556}") = "r6_0713_assingment_B", "contests\2024\20240713\r6_0713_assingment_B\r6_0713_assingment_B.csproj", "{47D45849-9421-4BE8-82DF-0C3732C9E2A6}"
EndProject
Project("{9A19103F-16F7-4668-BE54-9A1E7A4F7556}") = "r6_0713_assingment_C", "contests\2024\20240713\r6_0713_assingment_C\r6_0713_assingment_C.csproj", "{6D90D653-9D9C-4409-983C-66450EC962CE}"
EndProject
Project("{2150E333-8FDC-42A3-9474-1A3956D46DE8}") = "20240803", "20240803", "{EB0E9BDC-42C8-4F84-8E14-875ACD0491FC}"
EndProject
Project("{9A19103F-16F7-4668-BE54-9A1E7A4F7556}") = "r6_0803_assingment_A", "contests\2024\20240803\r6_0803_assingment_A\r6_0803_assingment_A.csproj", "{1115EAE7-8061-43DF-8004-5B089C52C2AB}"
EndProject
Project("{9A19103F-16F7-4668-BE54-9A1E7A4F7556}") = "r6_0803_assingment_B", "contests\2024\20240803\r6_0803_assingment_B\r6_0803_assingment_B.csproj", "{2E37EC0C-7A67-4322-9903-05A554A06420}"
EndProject
Project("{9A19103F-16F7-4668-BE54-9A1E7A4F7556}") = "r6_0803_assingment_C", "contests\2024\20240803\r6_0803_assingment_C\r6_0803_assingment_C.csproj", "{6593152D-BC96-4896-9DC3-63E4481EA2CE}"
EndProject
Project("{2150E333-8FDC-42A3-9474-1A3956D46DE8}") = "20240810", "20240810", "{24AAF0B3-1DEC-4AEC-84E0-928024CB2719}"
EndProject
Project("{9A19103F-16F7-4668-BE54-9A1E7A4F7556}") = "r6_0810_assingment_A", "contests\2024\20240810\r6_0810_assingment_A\r6_0810_assingment_A.csproj", "{8B1942EA-9C70-4098-AF8B-AD6019912CC9}"
EndProject
Project("{9A19103F-16F7-4668-BE54-9A1E7A4F7556}") = "r6_0810_assingment_B", "contests\2024\20240810\r6_0810_assingment_B\r6_0810_assingment_B.csproj", "{C5FC7AAF-9D02-4DD3-980E-DEE3DAA7822A}"
EndProject
Project("{9A19103F-16F7-4668-BE54-9A1E7A4F7556}") = "r6_0810_assingment_C", "contests\2024\20240810\r6_0810_assingment_C\r6_0810_assingment_C.csproj", "{5E3F745F-9B09-4B75-8D0F-44DA16A20DC3}"
EndProject
Project("{9A19103F-16F7-4668-BE54-9A1E7A4F7556}") = "r6_0810_assingment_D", "contests\2024\20240810\r6_0810_assingment_D\r6_0810_assingment_D.csproj", "{32535126-2EE4-423C-AC40-B1182BFB598C}"
EndProject
Project("{2150E333-8FDC-42A3-9474-1A3956D46DE8}") = "20240817", "20240817", "{5DFD3256-0D51-4DC3-A73B-B7B24E2E7E6B}"
EndProject
Project("{9A19103F-16F7-4668-BE54-9A1E7A4F7556}") = "r6_0817_assingment_A", "contests\2024\20240817\r6_0817_assingment_A\r6_0817_assingment_A.csproj", "{B95BF800-B8D0-4950-851C-0781BAC1E942}"
EndProject
Project("{9A19103F-16F7-4668-BE54-9A1E7A4F7556}") = "r6_0817_assingment_B", "contests\2024\20240817\r6_0817_assingment_B\r6_0817_assingment_B.csproj", "{8A571B5F-8590-4CD7-A5C1-0DF6A551594B}"
EndProject
Project("{9A19103F-16F7-4668-BE54-9A1E7A4F7556}") = "r6_0817_assingment_C", "contests\2024\20240817\r6_0817_assingment_C\r6_0817_assingment_C.csproj", "{F8B0F7EE-6C81-4927-A001-DA64F9E42445}"
EndProject
Project("{2150E333-8FDC-42A3-9474-1A3956D46DE8}") = "20240824", "20240824", "{E4F8C201-FBB3-46D3-BE85-62C95AE9C2EE}"
EndProject
Project("{9A19103F-16F7-4668-BE54-9A1E7A4F7556}") = "r6_0824_assingment_A", "contests\2024\20240824\r6_0824_assingment_A\r6_0824_assingment_A.csproj", "{0B7F0548-4D2B-447C-8032-DB9030D52287}"
EndProject
Project("{9A19103F-16F7-4668-BE54-9A1E7A4F7556}") = "r6_0824_assingment_B", "contests\2024\20240824\r6_0824_assingment_B\r6_0824_assingment_B.csproj", "{B8E5BC3B-6EC7-415D-9A7D-0E449EB4D067}"
EndProject
Project("{9A19103F-16F7-4668-BE54-9A1E7A4F7556}") = "r6_0824_assingment_C", "contests\2024\20240824\r6_0824_assingment_C\r6_0824_assingment_C.csproj", "{4CF4E83E-B47B-4F73-87DF-830F0D9ACC93}"
EndProject
Project("{9A19103F-16F7-4668-BE54-9A1E7A4F7556}") = "r6_0824_assingment_D", "contests\2024\20240824\r6_0824_assingment_D\r6_0824_assingment_D.csproj", "{F04DBEBA-8C20-4A6E-A076-3DD4C6EFD5EF}"
EndProject
Project("{2150E333-8FDC-42A3-9474-1A3956D46DE8}") = "20240831", "20240831", "{BC4307BE-7B65-45C7-83F8-A709CF7D8502}"
EndProject
Project("{9A19103F-16F7-4668-BE54-9A1E7A4F7556}") = "r6_0831_assingment_A", "contests\2024\20240831\r6_0831_assingment_A\r6_0831_assingment_A.csproj", "{5BDC6729-3D1C-4944-B372-85E74089C17B}"
EndProject
Project("{9A19103F-16F7-4668-BE54-9A1E7A4F7556}") = "r6_0831_assingment_B", "contests\2024\20240831\r6_0831_assingment_B\r6_0831_assingment_B.csproj", "{49D05253-15B2-49C4-8C6E-78ACC5C6C633}"
EndProject
Project("{9A19103F-16F7-4668-BE54-9A1E7A4F7556}") = "r6_0831_assingment_C", "contests\2024\20240831\r6_0831_assingment_C\r6_0831_assingment_C.csproj", "{D573D429-E17F-4DB1-B539-51FDBCA23E7D}"
EndProject
Project("{9A19103F-16F7-4668-BE54-9A1E7A4F7556}") = "r6_0831_assingment_D", "contests\2024\20240831\r6_0831_assingment_D\r6_0831_assingment_D.csproj", "{D4E50FE6-FEE8-4EDB-B995-4F3225B2B188}"
EndProject
Project("{2150E333-8FDC-42A3-9474-1A3956D46DE8}") = "20240907", "20240907", "{2490C773-10ED-4AC9-BDE7-A2F8005752E0}"
EndProject
Project("{9A19103F-16F7-4668-BE54-9A1E7A4F7556}") = "r6_0907_assingment_A", "contests\2024\20240907\r6_0907_assingment_A\r6_0907_assingment_A.csproj", "{635D4682-1AC1-4839-8B4A-5A8BD2A37505}"
EndProject
Project("{9A19103F-16F7-4668-BE54-9A1E7A4F7556}") = "r6_0907_assingment_B", "contests\2024\20240907\r6_0907_assingment_B\r6_0907_assingment_B.csproj", "{8D501B89-3CE0-4038-B90D-C7220BCC4527}"
EndProject
Project("{9A19103F-16F7-4668-BE54-9A1E7A4F7556}") = "r6_0907_assingment_C", "contests\2024\20240907\r6_0907_assingment_C\r6_0907_assingment_C.csproj", "{4F328E0A-03D0-4122-B48A-2B59FE1DB38B}"
EndProject
Project("{2150E333-8FDC-42A3-9474-1A3956D46DE8}") = "20240914", "20240914", "{D3C1E248-A9F3-4B65-A50D-C7191D74B39E}"
EndProject
Project("{FAE04EC0-301F-11D3-BF4B-00C04F79EFBC}") = "r6_0914_assingment_A", "contests\2024\20240914\r6_0914_assingment_A\r6_0914_assingment_A.csproj", "{DACE4E81-D4FE-41E3-887E-B9BAA02D4919}"
EndProject
Project("{FAE04EC0-301F-11D3-BF4B-00C04F79EFBC}") = "r6_0914_assingment_B", "contests\2024\20240914\r6_0914_assingment_B\r6_0914_assingment_B.csproj", "{A8B17B31-9481-42DA-91AF-2FC3C63C8AD1}"
EndProject
Project("{FAE04EC0-301F-11D3-BF4B-00C04F79EFBC}") = "r6_0914_assingment_D", "contests\2024\20240914\r6_0914_assingment_D\r6_0914_assingment_D.csproj", "{BE558363-DF3C-4213-82C7-5BFE25F85FAB}"
EndProject
Global
	GlobalSection(SolutionConfigurationPlatforms) = preSolution
		Debug|Any CPU = Debug|Any CPU
		Release|Any CPU = Release|Any CPU
	EndGlobalSection
	GlobalSection(ProjectConfigurationPlatforms) = postSolution
		{FAC14B38-7726-4732-938A-AE67E7C658FD}.Debug|Any CPU.ActiveCfg = Debug|Any CPU
		{FAC14B38-7726-4732-938A-AE67E7C658FD}.Debug|Any CPU.Build.0 = Debug|Any CPU
		{FAC14B38-7726-4732-938A-AE67E7C658FD}.Release|Any CPU.ActiveCfg = Release|Any CPU
		{FAC14B38-7726-4732-938A-AE67E7C658FD}.Release|Any CPU.Build.0 = Release|Any CPU
		{ED337585-54B2-43A7-A16E-A82132F75979}.Debug|Any CPU.ActiveCfg = Debug|Any CPU
		{ED337585-54B2-43A7-A16E-A82132F75979}.Debug|Any CPU.Build.0 = Debug|Any CPU
		{ED337585-54B2-43A7-A16E-A82132F75979}.Release|Any CPU.ActiveCfg = Release|Any CPU
		{ED337585-54B2-43A7-A16E-A82132F75979}.Release|Any CPU.Build.0 = Release|Any CPU
		{B3A7BA34-926C-4B17-8A34-937D6FBA5C33}.Debug|Any CPU.ActiveCfg = Debug|Any CPU
		{B3A7BA34-926C-4B17-8A34-937D6FBA5C33}.Debug|Any CPU.Build.0 = Debug|Any CPU
		{B3A7BA34-926C-4B17-8A34-937D6FBA5C33}.Release|Any CPU.ActiveCfg = Release|Any CPU
		{B3A7BA34-926C-4B17-8A34-937D6FBA5C33}.Release|Any CPU.Build.0 = Release|Any CPU
		{966BAA7E-C2FD-4FAD-8595-F6F7391B1174}.Debug|Any CPU.ActiveCfg = Debug|Any CPU
		{966BAA7E-C2FD-4FAD-8595-F6F7391B1174}.Debug|Any CPU.Build.0 = Debug|Any CPU
		{966BAA7E-C2FD-4FAD-8595-F6F7391B1174}.Release|Any CPU.ActiveCfg = Release|Any CPU
		{966BAA7E-C2FD-4FAD-8595-F6F7391B1174}.Release|Any CPU.Build.0 = Release|Any CPU
		{96DE6333-AB25-4C15-BE3A-D8B88EC6A970}.Debug|Any CPU.ActiveCfg = Debug|Any CPU
		{96DE6333-AB25-4C15-BE3A-D8B88EC6A970}.Debug|Any CPU.Build.0 = Debug|Any CPU
		{96DE6333-AB25-4C15-BE3A-D8B88EC6A970}.Release|Any CPU.ActiveCfg = Release|Any CPU
		{96DE6333-AB25-4C15-BE3A-D8B88EC6A970}.Release|Any CPU.Build.0 = Release|Any CPU
		{D714F28C-DE0D-4CA5-884C-8BD047C005AD}.Debug|Any CPU.ActiveCfg = Debug|Any CPU
		{D714F28C-DE0D-4CA5-884C-8BD047C005AD}.Debug|Any CPU.Build.0 = Debug|Any CPU
		{D714F28C-DE0D-4CA5-884C-8BD047C005AD}.Release|Any CPU.ActiveCfg = Release|Any CPU
		{D714F28C-DE0D-4CA5-884C-8BD047C005AD}.Release|Any CPU.Build.0 = Release|Any CPU
		{5FC71A41-4DC3-4C27-B6BB-FA194BAD1F8D}.Debug|Any CPU.ActiveCfg = Debug|Any CPU
		{5FC71A41-4DC3-4C27-B6BB-FA194BAD1F8D}.Debug|Any CPU.Build.0 = Debug|Any CPU
		{5FC71A41-4DC3-4C27-B6BB-FA194BAD1F8D}.Release|Any CPU.ActiveCfg = Release|Any CPU
		{5FC71A41-4DC3-4C27-B6BB-FA194BAD1F8D}.Release|Any CPU.Build.0 = Release|Any CPU
		{818D79B7-3337-428B-8002-9D2C49E8E427}.Debug|Any CPU.ActiveCfg = Debug|Any CPU
		{818D79B7-3337-428B-8002-9D2C49E8E427}.Debug|Any CPU.Build.0 = Debug|Any CPU
		{818D79B7-3337-428B-8002-9D2C49E8E427}.Release|Any CPU.ActiveCfg = Release|Any CPU
		{818D79B7-3337-428B-8002-9D2C49E8E427}.Release|Any CPU.Build.0 = Release|Any CPU
		{4BD4661C-3A38-4DFC-9C73-05F9E80DD801}.Debug|Any CPU.ActiveCfg = Debug|Any CPU
		{4BD4661C-3A38-4DFC-9C73-05F9E80DD801}.Debug|Any CPU.Build.0 = Debug|Any CPU
		{4BD4661C-3A38-4DFC-9C73-05F9E80DD801}.Release|Any CPU.ActiveCfg = Release|Any CPU
		{4BD4661C-3A38-4DFC-9C73-05F9E80DD801}.Release|Any CPU.Build.0 = Release|Any CPU
		{442183A5-8B0F-4332-8947-FFF92F96DB2A}.Debug|Any CPU.ActiveCfg = Debug|Any CPU
		{442183A5-8B0F-4332-8947-FFF92F96DB2A}.Debug|Any CPU.Build.0 = Debug|Any CPU
		{442183A5-8B0F-4332-8947-FFF92F96DB2A}.Release|Any CPU.ActiveCfg = Release|Any CPU
		{442183A5-8B0F-4332-8947-FFF92F96DB2A}.Release|Any CPU.Build.0 = Release|Any CPU
		{C3AFC913-5869-4DF3-B276-1391D04C2DB6}.Debug|Any CPU.ActiveCfg = Debug|Any CPU
		{C3AFC913-5869-4DF3-B276-1391D04C2DB6}.Debug|Any CPU.Build.0 = Debug|Any CPU
		{C3AFC913-5869-4DF3-B276-1391D04C2DB6}.Release|Any CPU.ActiveCfg = Release|Any CPU
		{C3AFC913-5869-4DF3-B276-1391D04C2DB6}.Release|Any CPU.Build.0 = Release|Any CPU
		{0D9BC01F-D8D4-4049-998C-62557D0281E1}.Debug|Any CPU.ActiveCfg = Debug|Any CPU
		{0D9BC01F-D8D4-4049-998C-62557D0281E1}.Debug|Any CPU.Build.0 = Debug|Any CPU
		{0D9BC01F-D8D4-4049-998C-62557D0281E1}.Release|Any CPU.ActiveCfg = Release|Any CPU
		{0D9BC01F-D8D4-4049-998C-62557D0281E1}.Release|Any CPU.Build.0 = Release|Any CPU
		{788E8F98-B087-4BFF-ABD7-736FD55F64FC}.Debug|Any CPU.ActiveCfg = Debug|Any CPU
		{788E8F98-B087-4BFF-ABD7-736FD55F64FC}.Debug|Any CPU.Build.0 = Debug|Any CPU
		{788E8F98-B087-4BFF-ABD7-736FD55F64FC}.Release|Any CPU.ActiveCfg = Release|Any CPU
		{788E8F98-B087-4BFF-ABD7-736FD55F64FC}.Release|Any CPU.Build.0 = Release|Any CPU
		{4ECEF5F0-5417-46E4-9BD9-A9FE61826BE2}.Debug|Any CPU.ActiveCfg = Debug|Any CPU
		{4ECEF5F0-5417-46E4-9BD9-A9FE61826BE2}.Debug|Any CPU.Build.0 = Debug|Any CPU
		{4ECEF5F0-5417-46E4-9BD9-A9FE61826BE2}.Release|Any CPU.ActiveCfg = Release|Any CPU
		{4ECEF5F0-5417-46E4-9BD9-A9FE61826BE2}.Release|Any CPU.Build.0 = Release|Any CPU
		{EC052693-1AF4-41E1-9A97-074BE58B8AC0}.Debug|Any CPU.ActiveCfg = Debug|Any CPU
		{EC052693-1AF4-41E1-9A97-074BE58B8AC0}.Debug|Any CPU.Build.0 = Debug|Any CPU
		{EC052693-1AF4-41E1-9A97-074BE58B8AC0}.Release|Any CPU.ActiveCfg = Release|Any CPU
		{EC052693-1AF4-41E1-9A97-074BE58B8AC0}.Release|Any CPU.Build.0 = Release|Any CPU
		{1605C654-F7F9-45DC-B5A6-78962501D990}.Debug|Any CPU.ActiveCfg = Debug|Any CPU
		{1605C654-F7F9-45DC-B5A6-78962501D990}.Debug|Any CPU.Build.0 = Debug|Any CPU
		{1605C654-F7F9-45DC-B5A6-78962501D990}.Release|Any CPU.ActiveCfg = Release|Any CPU
		{1605C654-F7F9-45DC-B5A6-78962501D990}.Release|Any CPU.Build.0 = Release|Any CPU
		{E18A19BB-3EE1-4344-AE74-9FC8112B0343}.Debug|Any CPU.ActiveCfg = Debug|Any CPU
		{E18A19BB-3EE1-4344-AE74-9FC8112B0343}.Debug|Any CPU.Build.0 = Debug|Any CPU
		{E18A19BB-3EE1-4344-AE74-9FC8112B0343}.Release|Any CPU.ActiveCfg = Release|Any CPU
		{E18A19BB-3EE1-4344-AE74-9FC8112B0343}.Release|Any CPU.Build.0 = Release|Any CPU
		{FFAE0E94-AA76-456A-94BB-E63BD84BB0F5}.Debug|Any CPU.ActiveCfg = Debug|Any CPU
		{FFAE0E94-AA76-456A-94BB-E63BD84BB0F5}.Debug|Any CPU.Build.0 = Debug|Any CPU
		{FFAE0E94-AA76-456A-94BB-E63BD84BB0F5}.Release|Any CPU.ActiveCfg = Release|Any CPU
		{FFAE0E94-AA76-456A-94BB-E63BD84BB0F5}.Release|Any CPU.Build.0 = Release|Any CPU
		{E5FFDCD5-E1C6-45CF-A069-6A99A93672BC}.Debug|Any CPU.ActiveCfg = Debug|Any CPU
		{E5FFDCD5-E1C6-45CF-A069-6A99A93672BC}.Debug|Any CPU.Build.0 = Debug|Any CPU
		{E5FFDCD5-E1C6-45CF-A069-6A99A93672BC}.Release|Any CPU.ActiveCfg = Release|Any CPU
		{E5FFDCD5-E1C6-45CF-A069-6A99A93672BC}.Release|Any CPU.Build.0 = Release|Any CPU
		{3D4BEADA-505E-4C4E-A591-B25CDB8DB1F6}.Debug|Any CPU.ActiveCfg = Debug|Any CPU
		{3D4BEADA-505E-4C4E-A591-B25CDB8DB1F6}.Debug|Any CPU.Build.0 = Debug|Any CPU
		{3D4BEADA-505E-4C4E-A591-B25CDB8DB1F6}.Release|Any CPU.ActiveCfg = Release|Any CPU
		{3D4BEADA-505E-4C4E-A591-B25CDB8DB1F6}.Release|Any CPU.Build.0 = Release|Any CPU
		{1A93C0E4-B686-4733-BDC7-1AFC6670AFDC}.Debug|Any CPU.ActiveCfg = Debug|Any CPU
		{1A93C0E4-B686-4733-BDC7-1AFC6670AFDC}.Debug|Any CPU.Build.0 = Debug|Any CPU
		{1A93C0E4-B686-4733-BDC7-1AFC6670AFDC}.Release|Any CPU.ActiveCfg = Release|Any CPU
		{1A93C0E4-B686-4733-BDC7-1AFC6670AFDC}.Release|Any CPU.Build.0 = Release|Any CPU
		{C7F6164F-611F-413B-9D29-D300889753BE}.Debug|Any CPU.ActiveCfg = Debug|Any CPU
		{C7F6164F-611F-413B-9D29-D300889753BE}.Debug|Any CPU.Build.0 = Debug|Any CPU
		{C7F6164F-611F-413B-9D29-D300889753BE}.Release|Any CPU.ActiveCfg = Release|Any CPU
		{C7F6164F-611F-413B-9D29-D300889753BE}.Release|Any CPU.Build.0 = Release|Any CPU
		{4B2347FF-A1E2-4EF2-9ADA-037CA53B9329}.Debug|Any CPU.ActiveCfg = Debug|Any CPU
		{4B2347FF-A1E2-4EF2-9ADA-037CA53B9329}.Debug|Any CPU.Build.0 = Debug|Any CPU
		{4B2347FF-A1E2-4EF2-9ADA-037CA53B9329}.Release|Any CPU.ActiveCfg = Release|Any CPU
		{4B2347FF-A1E2-4EF2-9ADA-037CA53B9329}.Release|Any CPU.Build.0 = Release|Any CPU
		{D48EC301-47F9-42B0-82FC-61260D42A350}.Debug|Any CPU.ActiveCfg = Debug|Any CPU
		{D48EC301-47F9-42B0-82FC-61260D42A350}.Debug|Any CPU.Build.0 = Debug|Any CPU
		{D48EC301-47F9-42B0-82FC-61260D42A350}.Release|Any CPU.ActiveCfg = Release|Any CPU
		{D48EC301-47F9-42B0-82FC-61260D42A350}.Release|Any CPU.Build.0 = Release|Any CPU
		{C5C076FC-22AD-4CC1-8475-6CA31EC3096D}.Debug|Any CPU.ActiveCfg = Debug|Any CPU
		{C5C076FC-22AD-4CC1-8475-6CA31EC3096D}.Debug|Any CPU.Build.0 = Debug|Any CPU
		{C5C076FC-22AD-4CC1-8475-6CA31EC3096D}.Release|Any CPU.ActiveCfg = Release|Any CPU
		{C5C076FC-22AD-4CC1-8475-6CA31EC3096D}.Release|Any CPU.Build.0 = Release|Any CPU
		{24EDF6CB-A8CA-423D-AC90-36A7E867D992}.Debug|Any CPU.ActiveCfg = Debug|Any CPU
		{24EDF6CB-A8CA-423D-AC90-36A7E867D992}.Debug|Any CPU.Build.0 = Debug|Any CPU
		{24EDF6CB-A8CA-423D-AC90-36A7E867D992}.Release|Any CPU.ActiveCfg = Release|Any CPU
		{24EDF6CB-A8CA-423D-AC90-36A7E867D992}.Release|Any CPU.Build.0 = Release|Any CPU
		{F0E93D44-63AF-4DA4-881A-8720E1D4E0D1}.Debug|Any CPU.ActiveCfg = Debug|Any CPU
		{F0E93D44-63AF-4DA4-881A-8720E1D4E0D1}.Debug|Any CPU.Build.0 = Debug|Any CPU
		{F0E93D44-63AF-4DA4-881A-8720E1D4E0D1}.Release|Any CPU.ActiveCfg = Release|Any CPU
		{F0E93D44-63AF-4DA4-881A-8720E1D4E0D1}.Release|Any CPU.Build.0 = Release|Any CPU
		{BD7A0A51-D71B-4E6B-A522-6FB859B0BB29}.Debug|Any CPU.ActiveCfg = Debug|Any CPU
		{BD7A0A51-D71B-4E6B-A522-6FB859B0BB29}.Debug|Any CPU.Build.0 = Debug|Any CPU
		{BD7A0A51-D71B-4E6B-A522-6FB859B0BB29}.Release|Any CPU.ActiveCfg = Release|Any CPU
		{BD7A0A51-D71B-4E6B-A522-6FB859B0BB29}.Release|Any CPU.Build.0 = Release|Any CPU
		{59679217-D522-410F-8367-3D9905C3D74A}.Debug|Any CPU.ActiveCfg = Debug|Any CPU
		{59679217-D522-410F-8367-3D9905C3D74A}.Debug|Any CPU.Build.0 = Debug|Any CPU
		{59679217-D522-410F-8367-3D9905C3D74A}.Release|Any CPU.ActiveCfg = Release|Any CPU
		{59679217-D522-410F-8367-3D9905C3D74A}.Release|Any CPU.Build.0 = Release|Any CPU
		{29FE207D-0B8F-4FCE-B67F-1B0E0B5DDFAA}.Debug|Any CPU.ActiveCfg = Debug|Any CPU
		{29FE207D-0B8F-4FCE-B67F-1B0E0B5DDFAA}.Debug|Any CPU.Build.0 = Debug|Any CPU
		{29FE207D-0B8F-4FCE-B67F-1B0E0B5DDFAA}.Release|Any CPU.ActiveCfg = Release|Any CPU
		{29FE207D-0B8F-4FCE-B67F-1B0E0B5DDFAA}.Release|Any CPU.Build.0 = Release|Any CPU
		{4AB7E050-A00B-4A0D-9293-8FDD0F3ACAED}.Debug|Any CPU.ActiveCfg = Debug|Any CPU
		{4AB7E050-A00B-4A0D-9293-8FDD0F3ACAED}.Debug|Any CPU.Build.0 = Debug|Any CPU
		{4AB7E050-A00B-4A0D-9293-8FDD0F3ACAED}.Release|Any CPU.ActiveCfg = Release|Any CPU
		{4AB7E050-A00B-4A0D-9293-8FDD0F3ACAED}.Release|Any CPU.Build.0 = Release|Any CPU
		{E717EF11-C679-4F42-A397-2FFEDEAD22E2}.Debug|Any CPU.ActiveCfg = Debug|Any CPU
		{E717EF11-C679-4F42-A397-2FFEDEAD22E2}.Debug|Any CPU.Build.0 = Debug|Any CPU
		{E717EF11-C679-4F42-A397-2FFEDEAD22E2}.Release|Any CPU.ActiveCfg = Release|Any CPU
		{E717EF11-C679-4F42-A397-2FFEDEAD22E2}.Release|Any CPU.Build.0 = Release|Any CPU
		{4FB81C53-0DCD-46B3-813A-6280E8064C52}.Debug|Any CPU.ActiveCfg = Debug|Any CPU
		{4FB81C53-0DCD-46B3-813A-6280E8064C52}.Debug|Any CPU.Build.0 = Debug|Any CPU
		{4FB81C53-0DCD-46B3-813A-6280E8064C52}.Release|Any CPU.ActiveCfg = Release|Any CPU
		{4FB81C53-0DCD-46B3-813A-6280E8064C52}.Release|Any CPU.Build.0 = Release|Any CPU
		{2E5CB4CB-9A21-40FB-B891-2F2E4306A226}.Debug|Any CPU.ActiveCfg = Debug|Any CPU
		{2E5CB4CB-9A21-40FB-B891-2F2E4306A226}.Debug|Any CPU.Build.0 = Debug|Any CPU
		{2E5CB4CB-9A21-40FB-B891-2F2E4306A226}.Release|Any CPU.ActiveCfg = Release|Any CPU
		{2E5CB4CB-9A21-40FB-B891-2F2E4306A226}.Release|Any CPU.Build.0 = Release|Any CPU
		{2F1DBD3E-C381-4A66-8366-CFBAF4514A68}.Debug|Any CPU.ActiveCfg = Debug|Any CPU
		{2F1DBD3E-C381-4A66-8366-CFBAF4514A68}.Debug|Any CPU.Build.0 = Debug|Any CPU
		{2F1DBD3E-C381-4A66-8366-CFBAF4514A68}.Release|Any CPU.ActiveCfg = Release|Any CPU
		{2F1DBD3E-C381-4A66-8366-CFBAF4514A68}.Release|Any CPU.Build.0 = Release|Any CPU
		{63CBC64E-6CBA-48B2-84D1-B06AD1A6707D}.Debug|Any CPU.ActiveCfg = Debug|Any CPU
		{63CBC64E-6CBA-48B2-84D1-B06AD1A6707D}.Debug|Any CPU.Build.0 = Debug|Any CPU
		{63CBC64E-6CBA-48B2-84D1-B06AD1A6707D}.Release|Any CPU.ActiveCfg = Release|Any CPU
		{63CBC64E-6CBA-48B2-84D1-B06AD1A6707D}.Release|Any CPU.Build.0 = Release|Any CPU
		{B590B0B4-FF4D-4454-A3BE-893516BF8E0E}.Debug|Any CPU.ActiveCfg = Debug|Any CPU
		{B590B0B4-FF4D-4454-A3BE-893516BF8E0E}.Debug|Any CPU.Build.0 = Debug|Any CPU
		{B590B0B4-FF4D-4454-A3BE-893516BF8E0E}.Release|Any CPU.ActiveCfg = Release|Any CPU
		{B590B0B4-FF4D-4454-A3BE-893516BF8E0E}.Release|Any CPU.Build.0 = Release|Any CPU
		{F63F4073-9742-4103-BFFE-7A8E340047E7}.Debug|Any CPU.ActiveCfg = Debug|Any CPU
		{F63F4073-9742-4103-BFFE-7A8E340047E7}.Debug|Any CPU.Build.0 = Debug|Any CPU
		{F63F4073-9742-4103-BFFE-7A8E340047E7}.Release|Any CPU.ActiveCfg = Release|Any CPU
		{F63F4073-9742-4103-BFFE-7A8E340047E7}.Release|Any CPU.Build.0 = Release|Any CPU
		{DE1FB9F7-E72B-4445-81A7-0EFD8F79F628}.Debug|Any CPU.ActiveCfg = Debug|Any CPU
		{DE1FB9F7-E72B-4445-81A7-0EFD8F79F628}.Debug|Any CPU.Build.0 = Debug|Any CPU
		{DE1FB9F7-E72B-4445-81A7-0EFD8F79F628}.Release|Any CPU.ActiveCfg = Release|Any CPU
		{DE1FB9F7-E72B-4445-81A7-0EFD8F79F628}.Release|Any CPU.Build.0 = Release|Any CPU
		{805610D8-1B95-48F4-8D8E-90764E99BDF1}.Debug|Any CPU.ActiveCfg = Debug|Any CPU
		{805610D8-1B95-48F4-8D8E-90764E99BDF1}.Debug|Any CPU.Build.0 = Debug|Any CPU
		{805610D8-1B95-48F4-8D8E-90764E99BDF1}.Release|Any CPU.ActiveCfg = Release|Any CPU
		{805610D8-1B95-48F4-8D8E-90764E99BDF1}.Release|Any CPU.Build.0 = Release|Any CPU
		{9021EB28-2B69-4882-B3F3-56617E713914}.Debug|Any CPU.ActiveCfg = Debug|Any CPU
		{9021EB28-2B69-4882-B3F3-56617E713914}.Debug|Any CPU.Build.0 = Debug|Any CPU
		{9021EB28-2B69-4882-B3F3-56617E713914}.Release|Any CPU.ActiveCfg = Release|Any CPU
		{9021EB28-2B69-4882-B3F3-56617E713914}.Release|Any CPU.Build.0 = Release|Any CPU
		{D9A47B3E-4385-44B5-AB42-024CFB5C980B}.Debug|Any CPU.ActiveCfg = Debug|Any CPU
		{D9A47B3E-4385-44B5-AB42-024CFB5C980B}.Debug|Any CPU.Build.0 = Debug|Any CPU
		{D9A47B3E-4385-44B5-AB42-024CFB5C980B}.Release|Any CPU.ActiveCfg = Release|Any CPU
		{D9A47B3E-4385-44B5-AB42-024CFB5C980B}.Release|Any CPU.Build.0 = Release|Any CPU
		{42D41D43-ABB9-482F-8351-CF8ECDE0344F}.Debug|Any CPU.ActiveCfg = Debug|Any CPU
		{42D41D43-ABB9-482F-8351-CF8ECDE0344F}.Debug|Any CPU.Build.0 = Debug|Any CPU
		{42D41D43-ABB9-482F-8351-CF8ECDE0344F}.Release|Any CPU.ActiveCfg = Release|Any CPU
		{42D41D43-ABB9-482F-8351-CF8ECDE0344F}.Release|Any CPU.Build.0 = Release|Any CPU
		{917F493B-E8D3-449A-9778-11BF882BE46A}.Debug|Any CPU.ActiveCfg = Debug|Any CPU
		{917F493B-E8D3-449A-9778-11BF882BE46A}.Debug|Any CPU.Build.0 = Debug|Any CPU
		{917F493B-E8D3-449A-9778-11BF882BE46A}.Release|Any CPU.ActiveCfg = Release|Any CPU
		{917F493B-E8D3-449A-9778-11BF882BE46A}.Release|Any CPU.Build.0 = Release|Any CPU
		{DEECD19F-8C1A-4E49-93A7-30D3E8FB8CEB}.Debug|Any CPU.ActiveCfg = Debug|Any CPU
		{DEECD19F-8C1A-4E49-93A7-30D3E8FB8CEB}.Debug|Any CPU.Build.0 = Debug|Any CPU
		{DEECD19F-8C1A-4E49-93A7-30D3E8FB8CEB}.Release|Any CPU.ActiveCfg = Release|Any CPU
		{DEECD19F-8C1A-4E49-93A7-30D3E8FB8CEB}.Release|Any CPU.Build.0 = Release|Any CPU
		{607B52CF-A81D-4CB9-8AE3-CDBBB64D69F8}.Debug|Any CPU.ActiveCfg = Debug|Any CPU
		{607B52CF-A81D-4CB9-8AE3-CDBBB64D69F8}.Debug|Any CPU.Build.0 = Debug|Any CPU
		{607B52CF-A81D-4CB9-8AE3-CDBBB64D69F8}.Release|Any CPU.ActiveCfg = Release|Any CPU
		{607B52CF-A81D-4CB9-8AE3-CDBBB64D69F8}.Release|Any CPU.Build.0 = Release|Any CPU
		{54763D61-19EA-4EEF-BB9B-71869DF5BC33}.Debug|Any CPU.ActiveCfg = Debug|Any CPU
		{54763D61-19EA-4EEF-BB9B-71869DF5BC33}.Debug|Any CPU.Build.0 = Debug|Any CPU
		{54763D61-19EA-4EEF-BB9B-71869DF5BC33}.Release|Any CPU.ActiveCfg = Release|Any CPU
		{54763D61-19EA-4EEF-BB9B-71869DF5BC33}.Release|Any CPU.Build.0 = Release|Any CPU
		{BC60A5E0-4DCA-4121-BD36-0241AE824780}.Debug|Any CPU.ActiveCfg = Debug|Any CPU
		{BC60A5E0-4DCA-4121-BD36-0241AE824780}.Debug|Any CPU.Build.0 = Debug|Any CPU
		{BC60A5E0-4DCA-4121-BD36-0241AE824780}.Release|Any CPU.ActiveCfg = Release|Any CPU
		{BC60A5E0-4DCA-4121-BD36-0241AE824780}.Release|Any CPU.Build.0 = Release|Any CPU
		{E351C613-23FE-483F-9341-0955C7BA4A99}.Debug|Any CPU.ActiveCfg = Debug|Any CPU
		{E351C613-23FE-483F-9341-0955C7BA4A99}.Debug|Any CPU.Build.0 = Debug|Any CPU
		{E351C613-23FE-483F-9341-0955C7BA4A99}.Release|Any CPU.ActiveCfg = Release|Any CPU
		{E351C613-23FE-483F-9341-0955C7BA4A99}.Release|Any CPU.Build.0 = Release|Any CPU
		{FA5545E4-B026-4C6B-AEAD-24BCF5E3442D}.Debug|Any CPU.ActiveCfg = Debug|Any CPU
		{FA5545E4-B026-4C6B-AEAD-24BCF5E3442D}.Debug|Any CPU.Build.0 = Debug|Any CPU
		{FA5545E4-B026-4C6B-AEAD-24BCF5E3442D}.Release|Any CPU.ActiveCfg = Release|Any CPU
		{FA5545E4-B026-4C6B-AEAD-24BCF5E3442D}.Release|Any CPU.Build.0 = Release|Any CPU
		{B5512622-3389-4AD4-B606-856A8BC3BD12}.Debug|Any CPU.ActiveCfg = Debug|Any CPU
		{B5512622-3389-4AD4-B606-856A8BC3BD12}.Debug|Any CPU.Build.0 = Debug|Any CPU
		{B5512622-3389-4AD4-B606-856A8BC3BD12}.Release|Any CPU.ActiveCfg = Release|Any CPU
		{B5512622-3389-4AD4-B606-856A8BC3BD12}.Release|Any CPU.Build.0 = Release|Any CPU
		{7E3FD33E-C997-43B9-BB2F-BD2086C97D78}.Debug|Any CPU.ActiveCfg = Debug|Any CPU
		{7E3FD33E-C997-43B9-BB2F-BD2086C97D78}.Debug|Any CPU.Build.0 = Debug|Any CPU
		{7E3FD33E-C997-43B9-BB2F-BD2086C97D78}.Release|Any CPU.ActiveCfg = Release|Any CPU
		{7E3FD33E-C997-43B9-BB2F-BD2086C97D78}.Release|Any CPU.Build.0 = Release|Any CPU
		{B64C0075-98BB-4916-9EA1-E75C16AD1FFB}.Debug|Any CPU.ActiveCfg = Debug|Any CPU
		{B64C0075-98BB-4916-9EA1-E75C16AD1FFB}.Debug|Any CPU.Build.0 = Debug|Any CPU
		{B64C0075-98BB-4916-9EA1-E75C16AD1FFB}.Release|Any CPU.ActiveCfg = Release|Any CPU
		{B64C0075-98BB-4916-9EA1-E75C16AD1FFB}.Release|Any CPU.Build.0 = Release|Any CPU
		{4B47FB30-934D-4CB5-88E7-B1C3B24FDBFB}.Debug|Any CPU.ActiveCfg = Debug|Any CPU
		{4B47FB30-934D-4CB5-88E7-B1C3B24FDBFB}.Debug|Any CPU.Build.0 = Debug|Any CPU
		{4B47FB30-934D-4CB5-88E7-B1C3B24FDBFB}.Release|Any CPU.ActiveCfg = Release|Any CPU
		{4B47FB30-934D-4CB5-88E7-B1C3B24FDBFB}.Release|Any CPU.Build.0 = Release|Any CPU
		{7DC35203-EF1B-416C-9FA6-B56F5EE4936E}.Debug|Any CPU.ActiveCfg = Debug|Any CPU
		{7DC35203-EF1B-416C-9FA6-B56F5EE4936E}.Debug|Any CPU.Build.0 = Debug|Any CPU
		{7DC35203-EF1B-416C-9FA6-B56F5EE4936E}.Release|Any CPU.ActiveCfg = Release|Any CPU
		{7DC35203-EF1B-416C-9FA6-B56F5EE4936E}.Release|Any CPU.Build.0 = Release|Any CPU
		{78D28B2D-6689-40B7-97F7-BE69975BB409}.Debug|Any CPU.ActiveCfg = Debug|Any CPU
		{78D28B2D-6689-40B7-97F7-BE69975BB409}.Debug|Any CPU.Build.0 = Debug|Any CPU
		{78D28B2D-6689-40B7-97F7-BE69975BB409}.Release|Any CPU.ActiveCfg = Release|Any CPU
		{78D28B2D-6689-40B7-97F7-BE69975BB409}.Release|Any CPU.Build.0 = Release|Any CPU
		{6AD4C6AF-A1F3-451E-AA87-30950A9603BE}.Debug|Any CPU.ActiveCfg = Debug|Any CPU
		{6AD4C6AF-A1F3-451E-AA87-30950A9603BE}.Debug|Any CPU.Build.0 = Debug|Any CPU
		{6AD4C6AF-A1F3-451E-AA87-30950A9603BE}.Release|Any CPU.ActiveCfg = Release|Any CPU
		{6AD4C6AF-A1F3-451E-AA87-30950A9603BE}.Release|Any CPU.Build.0 = Release|Any CPU
		{E4525AE2-D4CF-4A10-9D3F-7D068356D484}.Debug|Any CPU.ActiveCfg = Debug|Any CPU
		{E4525AE2-D4CF-4A10-9D3F-7D068356D484}.Debug|Any CPU.Build.0 = Debug|Any CPU
		{E4525AE2-D4CF-4A10-9D3F-7D068356D484}.Release|Any CPU.ActiveCfg = Release|Any CPU
		{E4525AE2-D4CF-4A10-9D3F-7D068356D484}.Release|Any CPU.Build.0 = Release|Any CPU
		{30C7C024-AA74-4A8B-B139-D793A0D6F6E0}.Debug|Any CPU.ActiveCfg = Debug|Any CPU
		{30C7C024-AA74-4A8B-B139-D793A0D6F6E0}.Debug|Any CPU.Build.0 = Debug|Any CPU
		{30C7C024-AA74-4A8B-B139-D793A0D6F6E0}.Release|Any CPU.ActiveCfg = Release|Any CPU
		{30C7C024-AA74-4A8B-B139-D793A0D6F6E0}.Release|Any CPU.Build.0 = Release|Any CPU
		{5308559D-F6AC-4500-9934-B9FE96648D81}.Debug|Any CPU.ActiveCfg = Debug|Any CPU
		{5308559D-F6AC-4500-9934-B9FE96648D81}.Debug|Any CPU.Build.0 = Debug|Any CPU
		{5308559D-F6AC-4500-9934-B9FE96648D81}.Release|Any CPU.ActiveCfg = Release|Any CPU
		{5308559D-F6AC-4500-9934-B9FE96648D81}.Release|Any CPU.Build.0 = Release|Any CPU
		{AB9CBF4D-8AE3-4630-B84B-25A1004E0F68}.Debug|Any CPU.ActiveCfg = Debug|Any CPU
		{AB9CBF4D-8AE3-4630-B84B-25A1004E0F68}.Debug|Any CPU.Build.0 = Debug|Any CPU
		{AB9CBF4D-8AE3-4630-B84B-25A1004E0F68}.Release|Any CPU.ActiveCfg = Release|Any CPU
		{AB9CBF4D-8AE3-4630-B84B-25A1004E0F68}.Release|Any CPU.Build.0 = Release|Any CPU
		{D934EC0A-6AB5-414F-AD0A-C238926754DD}.Debug|Any CPU.ActiveCfg = Debug|Any CPU
		{D934EC0A-6AB5-414F-AD0A-C238926754DD}.Debug|Any CPU.Build.0 = Debug|Any CPU
		{D934EC0A-6AB5-414F-AD0A-C238926754DD}.Release|Any CPU.ActiveCfg = Release|Any CPU
		{D934EC0A-6AB5-414F-AD0A-C238926754DD}.Release|Any CPU.Build.0 = Release|Any CPU
		{ADBF5BAE-BB0D-44DE-B191-8807DFC0BA31}.Debug|Any CPU.ActiveCfg = Debug|Any CPU
		{ADBF5BAE-BB0D-44DE-B191-8807DFC0BA31}.Debug|Any CPU.Build.0 = Debug|Any CPU
		{ADBF5BAE-BB0D-44DE-B191-8807DFC0BA31}.Release|Any CPU.ActiveCfg = Release|Any CPU
		{ADBF5BAE-BB0D-44DE-B191-8807DFC0BA31}.Release|Any CPU.Build.0 = Release|Any CPU
		{47D45849-9421-4BE8-82DF-0C3732C9E2A6}.Debug|Any CPU.ActiveCfg = Debug|Any CPU
		{47D45849-9421-4BE8-82DF-0C3732C9E2A6}.Debug|Any CPU.Build.0 = Debug|Any CPU
		{47D45849-9421-4BE8-82DF-0C3732C9E2A6}.Release|Any CPU.ActiveCfg = Release|Any CPU
		{47D45849-9421-4BE8-82DF-0C3732C9E2A6}.Release|Any CPU.Build.0 = Release|Any CPU
		{6D90D653-9D9C-4409-983C-66450EC962CE}.Debug|Any CPU.ActiveCfg = Debug|Any CPU
		{6D90D653-9D9C-4409-983C-66450EC962CE}.Debug|Any CPU.Build.0 = Debug|Any CPU
		{6D90D653-9D9C-4409-983C-66450EC962CE}.Release|Any CPU.ActiveCfg = Release|Any CPU
		{6D90D653-9D9C-4409-983C-66450EC962CE}.Release|Any CPU.Build.0 = Release|Any CPU
		{1115EAE7-8061-43DF-8004-5B089C52C2AB}.Debug|Any CPU.ActiveCfg = Debug|Any CPU
		{1115EAE7-8061-43DF-8004-5B089C52C2AB}.Debug|Any CPU.Build.0 = Debug|Any CPU
		{1115EAE7-8061-43DF-8004-5B089C52C2AB}.Release|Any CPU.ActiveCfg = Release|Any CPU
		{1115EAE7-8061-43DF-8004-5B089C52C2AB}.Release|Any CPU.Build.0 = Release|Any CPU
		{2E37EC0C-7A67-4322-9903-05A554A06420}.Debug|Any CPU.ActiveCfg = Debug|Any CPU
		{2E37EC0C-7A67-4322-9903-05A554A06420}.Debug|Any CPU.Build.0 = Debug|Any CPU
		{2E37EC0C-7A67-4322-9903-05A554A06420}.Release|Any CPU.ActiveCfg = Release|Any CPU
		{2E37EC0C-7A67-4322-9903-05A554A06420}.Release|Any CPU.Build.0 = Release|Any CPU
		{6593152D-BC96-4896-9DC3-63E4481EA2CE}.Debug|Any CPU.ActiveCfg = Debug|Any CPU
		{6593152D-BC96-4896-9DC3-63E4481EA2CE}.Debug|Any CPU.Build.0 = Debug|Any CPU
		{6593152D-BC96-4896-9DC3-63E4481EA2CE}.Release|Any CPU.ActiveCfg = Release|Any CPU
		{6593152D-BC96-4896-9DC3-63E4481EA2CE}.Release|Any CPU.Build.0 = Release|Any CPU
		{8B1942EA-9C70-4098-AF8B-AD6019912CC9}.Debug|Any CPU.ActiveCfg = Debug|Any CPU
		{8B1942EA-9C70-4098-AF8B-AD6019912CC9}.Debug|Any CPU.Build.0 = Debug|Any CPU
		{8B1942EA-9C70-4098-AF8B-AD6019912CC9}.Release|Any CPU.ActiveCfg = Release|Any CPU
		{8B1942EA-9C70-4098-AF8B-AD6019912CC9}.Release|Any CPU.Build.0 = Release|Any CPU
		{C5FC7AAF-9D02-4DD3-980E-DEE3DAA7822A}.Debug|Any CPU.ActiveCfg = Debug|Any CPU
		{C5FC7AAF-9D02-4DD3-980E-DEE3DAA7822A}.Debug|Any CPU.Build.0 = Debug|Any CPU
		{C5FC7AAF-9D02-4DD3-980E-DEE3DAA7822A}.Release|Any CPU.ActiveCfg = Release|Any CPU
		{C5FC7AAF-9D02-4DD3-980E-DEE3DAA7822A}.Release|Any CPU.Build.0 = Release|Any CPU
		{5E3F745F-9B09-4B75-8D0F-44DA16A20DC3}.Debug|Any CPU.ActiveCfg = Debug|Any CPU
		{5E3F745F-9B09-4B75-8D0F-44DA16A20DC3}.Debug|Any CPU.Build.0 = Debug|Any CPU
		{5E3F745F-9B09-4B75-8D0F-44DA16A20DC3}.Release|Any CPU.ActiveCfg = Release|Any CPU
		{5E3F745F-9B09-4B75-8D0F-44DA16A20DC3}.Release|Any CPU.Build.0 = Release|Any CPU
		{32535126-2EE4-423C-AC40-B1182BFB598C}.Debug|Any CPU.ActiveCfg = Debug|Any CPU
		{32535126-2EE4-423C-AC40-B1182BFB598C}.Debug|Any CPU.Build.0 = Debug|Any CPU
		{32535126-2EE4-423C-AC40-B1182BFB598C}.Release|Any CPU.ActiveCfg = Release|Any CPU
		{32535126-2EE4-423C-AC40-B1182BFB598C}.Release|Any CPU.Build.0 = Release|Any CPU
		{B95BF800-B8D0-4950-851C-0781BAC1E942}.Debug|Any CPU.ActiveCfg = Debug|Any CPU
		{B95BF800-B8D0-4950-851C-0781BAC1E942}.Debug|Any CPU.Build.0 = Debug|Any CPU
		{B95BF800-B8D0-4950-851C-0781BAC1E942}.Release|Any CPU.ActiveCfg = Release|Any CPU
		{B95BF800-B8D0-4950-851C-0781BAC1E942}.Release|Any CPU.Build.0 = Release|Any CPU
		{8A571B5F-8590-4CD7-A5C1-0DF6A551594B}.Debug|Any CPU.ActiveCfg = Debug|Any CPU
		{8A571B5F-8590-4CD7-A5C1-0DF6A551594B}.Debug|Any CPU.Build.0 = Debug|Any CPU
		{8A571B5F-8590-4CD7-A5C1-0DF6A551594B}.Release|Any CPU.ActiveCfg = Release|Any CPU
		{8A571B5F-8590-4CD7-A5C1-0DF6A551594B}.Release|Any CPU.Build.0 = Release|Any CPU
		{F8B0F7EE-6C81-4927-A001-DA64F9E42445}.Debug|Any CPU.ActiveCfg = Debug|Any CPU
		{F8B0F7EE-6C81-4927-A001-DA64F9E42445}.Debug|Any CPU.Build.0 = Debug|Any CPU
		{F8B0F7EE-6C81-4927-A001-DA64F9E42445}.Release|Any CPU.ActiveCfg = Release|Any CPU
		{F8B0F7EE-6C81-4927-A001-DA64F9E42445}.Release|Any CPU.Build.0 = Release|Any CPU
		{0B7F0548-4D2B-447C-8032-DB9030D52287}.Debug|Any CPU.ActiveCfg = Debug|Any CPU
		{0B7F0548-4D2B-447C-8032-DB9030D52287}.Debug|Any CPU.Build.0 = Debug|Any CPU
		{0B7F0548-4D2B-447C-8032-DB9030D52287}.Release|Any CPU.ActiveCfg = Release|Any CPU
		{0B7F0548-4D2B-447C-8032-DB9030D52287}.Release|Any CPU.Build.0 = Release|Any CPU
		{B8E5BC3B-6EC7-415D-9A7D-0E449EB4D067}.Debug|Any CPU.ActiveCfg = Debug|Any CPU
		{B8E5BC3B-6EC7-415D-9A7D-0E449EB4D067}.Debug|Any CPU.Build.0 = Debug|Any CPU
		{B8E5BC3B-6EC7-415D-9A7D-0E449EB4D067}.Release|Any CPU.ActiveCfg = Release|Any CPU
		{B8E5BC3B-6EC7-415D-9A7D-0E449EB4D067}.Release|Any CPU.Build.0 = Release|Any CPU
		{4CF4E83E-B47B-4F73-87DF-830F0D9ACC93}.Debug|Any CPU.ActiveCfg = Debug|Any CPU
		{4CF4E83E-B47B-4F73-87DF-830F0D9ACC93}.Debug|Any CPU.Build.0 = Debug|Any CPU
		{4CF4E83E-B47B-4F73-87DF-830F0D9ACC93}.Release|Any CPU.ActiveCfg = Release|Any CPU
		{4CF4E83E-B47B-4F73-87DF-830F0D9ACC93}.Release|Any CPU.Build.0 = Release|Any CPU
		{F04DBEBA-8C20-4A6E-A076-3DD4C6EFD5EF}.Debug|Any CPU.ActiveCfg = Debug|Any CPU
		{F04DBEBA-8C20-4A6E-A076-3DD4C6EFD5EF}.Debug|Any CPU.Build.0 = Debug|Any CPU
		{F04DBEBA-8C20-4A6E-A076-3DD4C6EFD5EF}.Release|Any CPU.ActiveCfg = Release|Any CPU
		{F04DBEBA-8C20-4A6E-A076-3DD4C6EFD5EF}.Release|Any CPU.Build.0 = Release|Any CPU
		{5BDC6729-3D1C-4944-B372-85E74089C17B}.Debug|Any CPU.ActiveCfg = Debug|Any CPU
		{5BDC6729-3D1C-4944-B372-85E74089C17B}.Debug|Any CPU.Build.0 = Debug|Any CPU
		{5BDC6729-3D1C-4944-B372-85E74089C17B}.Release|Any CPU.ActiveCfg = Release|Any CPU
		{5BDC6729-3D1C-4944-B372-85E74089C17B}.Release|Any CPU.Build.0 = Release|Any CPU
		{49D05253-15B2-49C4-8C6E-78ACC5C6C633}.Debug|Any CPU.ActiveCfg = Debug|Any CPU
		{49D05253-15B2-49C4-8C6E-78ACC5C6C633}.Debug|Any CPU.Build.0 = Debug|Any CPU
		{49D05253-15B2-49C4-8C6E-78ACC5C6C633}.Release|Any CPU.ActiveCfg = Release|Any CPU
		{49D05253-15B2-49C4-8C6E-78ACC5C6C633}.Release|Any CPU.Build.0 = Release|Any CPU
		{D573D429-E17F-4DB1-B539-51FDBCA23E7D}.Debug|Any CPU.ActiveCfg = Debug|Any CPU
		{D573D429-E17F-4DB1-B539-51FDBCA23E7D}.Debug|Any CPU.Build.0 = Debug|Any CPU
		{D573D429-E17F-4DB1-B539-51FDBCA23E7D}.Release|Any CPU.ActiveCfg = Release|Any CPU
		{D573D429-E17F-4DB1-B539-51FDBCA23E7D}.Release|Any CPU.Build.0 = Release|Any CPU
		{D4E50FE6-FEE8-4EDB-B995-4F3225B2B188}.Debug|Any CPU.ActiveCfg = Debug|Any CPU
		{D4E50FE6-FEE8-4EDB-B995-4F3225B2B188}.Debug|Any CPU.Build.0 = Debug|Any CPU
		{D4E50FE6-FEE8-4EDB-B995-4F3225B2B188}.Release|Any CPU.ActiveCfg = Release|Any CPU
		{D4E50FE6-FEE8-4EDB-B995-4F3225B2B188}.Release|Any CPU.Build.0 = Release|Any CPU
		{635D4682-1AC1-4839-8B4A-5A8BD2A37505}.Debug|Any CPU.ActiveCfg = Debug|Any CPU
		{635D4682-1AC1-4839-8B4A-5A8BD2A37505}.Debug|Any CPU.Build.0 = Debug|Any CPU
		{635D4682-1AC1-4839-8B4A-5A8BD2A37505}.Release|Any CPU.ActiveCfg = Release|Any CPU
		{635D4682-1AC1-4839-8B4A-5A8BD2A37505}.Release|Any CPU.Build.0 = Release|Any CPU
		{8D501B89-3CE0-4038-B90D-C7220BCC4527}.Debug|Any CPU.ActiveCfg = Debug|Any CPU
		{8D501B89-3CE0-4038-B90D-C7220BCC4527}.Debug|Any CPU.Build.0 = Debug|Any CPU
		{8D501B89-3CE0-4038-B90D-C7220BCC4527}.Release|Any CPU.ActiveCfg = Release|Any CPU
		{8D501B89-3CE0-4038-B90D-C7220BCC4527}.Release|Any CPU.Build.0 = Release|Any CPU
		{4F328E0A-03D0-4122-B48A-2B59FE1DB38B}.Debug|Any CPU.ActiveCfg = Debug|Any CPU
		{4F328E0A-03D0-4122-B48A-2B59FE1DB38B}.Debug|Any CPU.Build.0 = Debug|Any CPU
		{4F328E0A-03D0-4122-B48A-2B59FE1DB38B}.Release|Any CPU.ActiveCfg = Release|Any CPU
		{4F328E0A-03D0-4122-B48A-2B59FE1DB38B}.Release|Any CPU.Build.0 = Release|Any CPU
		{DACE4E81-D4FE-41E3-887E-B9BAA02D4919}.Debug|Any CPU.ActiveCfg = Debug|Any CPU
		{DACE4E81-D4FE-41E3-887E-B9BAA02D4919}.Debug|Any CPU.Build.0 = Debug|Any CPU
		{DACE4E81-D4FE-41E3-887E-B9BAA02D4919}.Release|Any CPU.ActiveCfg = Release|Any CPU
		{DACE4E81-D4FE-41E3-887E-B9BAA02D4919}.Release|Any CPU.Build.0 = Release|Any CPU
		{A8B17B31-9481-42DA-91AF-2FC3C63C8AD1}.Debug|Any CPU.ActiveCfg = Debug|Any CPU
		{A8B17B31-9481-42DA-91AF-2FC3C63C8AD1}.Debug|Any CPU.Build.0 = Debug|Any CPU
		{A8B17B31-9481-42DA-91AF-2FC3C63C8AD1}.Release|Any CPU.ActiveCfg = Release|Any CPU
		{A8B17B31-9481-42DA-91AF-2FC3C63C8AD1}.Release|Any CPU.Build.0 = Release|Any CPU
		{BE558363-DF3C-4213-82C7-5BFE25F85FAB}.Debug|Any CPU.ActiveCfg = Debug|Any CPU
		{BE558363-DF3C-4213-82C7-5BFE25F85FAB}.Debug|Any CPU.Build.0 = Debug|Any CPU
		{BE558363-DF3C-4213-82C7-5BFE25F85FAB}.Release|Any CPU.ActiveCfg = Release|Any CPU
		{BE558363-DF3C-4213-82C7-5BFE25F85FAB}.Release|Any CPU.Build.0 = Release|Any CPU
	EndGlobalSection
	GlobalSection(SolutionProperties) = preSolution
		HideSolutionNode = FALSE
	EndGlobalSection
	GlobalSection(NestedProjects) = preSolution
		{F8180381-DEAA-4FF7-BCD9-2B1B77DF519B} = {D8614F66-642C-4504-BC97-A9AA63B92AAF}
		{FAC14B38-7726-4732-938A-AE67E7C658FD} = {F8180381-DEAA-4FF7-BCD9-2B1B77DF519B}
		{ED337585-54B2-43A7-A16E-A82132F75979} = {F8180381-DEAA-4FF7-BCD9-2B1B77DF519B}
		{B3A7BA34-926C-4B17-8A34-937D6FBA5C33} = {F8180381-DEAA-4FF7-BCD9-2B1B77DF519B}
		{966BAA7E-C2FD-4FAD-8595-F6F7391B1174} = {F8180381-DEAA-4FF7-BCD9-2B1B77DF519B}
		{66CAECF1-C6B1-4E56-8249-67D7B2978CCA} = {D8614F66-642C-4504-BC97-A9AA63B92AAF}
		{96DE6333-AB25-4C15-BE3A-D8B88EC6A970} = {66CAECF1-C6B1-4E56-8249-67D7B2978CCA}
		{D714F28C-DE0D-4CA5-884C-8BD047C005AD} = {66CAECF1-C6B1-4E56-8249-67D7B2978CCA}
		{5FC71A41-4DC3-4C27-B6BB-FA194BAD1F8D} = {66CAECF1-C6B1-4E56-8249-67D7B2978CCA}
		{818D79B7-3337-428B-8002-9D2C49E8E427} = {66CAECF1-C6B1-4E56-8249-67D7B2978CCA}
		{114EE7F7-E4DE-4865-9025-D3B2CDA05EEE} = {02956A1D-F516-48E7-A007-588C0C7FF0BC}
		{4BD4661C-3A38-4DFC-9C73-05F9E80DD801} = {114EE7F7-E4DE-4865-9025-D3B2CDA05EEE}
		{442183A5-8B0F-4332-8947-FFF92F96DB2A} = {114EE7F7-E4DE-4865-9025-D3B2CDA05EEE}
		{C3AFC913-5869-4DF3-B276-1391D04C2DB6} = {114EE7F7-E4DE-4865-9025-D3B2CDA05EEE}
		{0D9BC01F-D8D4-4049-998C-62557D0281E1} = {114EE7F7-E4DE-4865-9025-D3B2CDA05EEE}
		{788E8F98-B087-4BFF-ABD7-736FD55F64FC} = {114EE7F7-E4DE-4865-9025-D3B2CDA05EEE}
		{1A282D6D-9AC7-4B63-B997-F1F787BC4218} = {D8614F66-642C-4504-BC97-A9AA63B92AAF}
		{B6DC94E1-9EAF-4661-8944-9B01A97351E6} = {D8614F66-642C-4504-BC97-A9AA63B92AAF}
		{1A8B4CBC-6993-44A1-B52D-FCED596A1415} = {D8614F66-642C-4504-BC97-A9AA63B92AAF}
		{4ECEF5F0-5417-46E4-9BD9-A9FE61826BE2} = {1A282D6D-9AC7-4B63-B997-F1F787BC4218}
		{EC052693-1AF4-41E1-9A97-074BE58B8AC0} = {1A282D6D-9AC7-4B63-B997-F1F787BC4218}
		{1605C654-F7F9-45DC-B5A6-78962501D990} = {1A282D6D-9AC7-4B63-B997-F1F787BC4218}
		{E18A19BB-3EE1-4344-AE74-9FC8112B0343} = {1A282D6D-9AC7-4B63-B997-F1F787BC4218}
		{FFAE0E94-AA76-456A-94BB-E63BD84BB0F5} = {B6DC94E1-9EAF-4661-8944-9B01A97351E6}
		{E5FFDCD5-E1C6-45CF-A069-6A99A93672BC} = {B6DC94E1-9EAF-4661-8944-9B01A97351E6}
		{3D4BEADA-505E-4C4E-A591-B25CDB8DB1F6} = {B6DC94E1-9EAF-4661-8944-9B01A97351E6}
		{1A93C0E4-B686-4733-BDC7-1AFC6670AFDC} = {B6DC94E1-9EAF-4661-8944-9B01A97351E6}
		{C7F6164F-611F-413B-9D29-D300889753BE} = {B6DC94E1-9EAF-4661-8944-9B01A97351E6}
		{4B2347FF-A1E2-4EF2-9ADA-037CA53B9329} = {114EE7F7-E4DE-4865-9025-D3B2CDA05EEE}
		{D48EC301-47F9-42B0-82FC-61260D42A350} = {114EE7F7-E4DE-4865-9025-D3B2CDA05EEE}
		{C5C076FC-22AD-4CC1-8475-6CA31EC3096D} = {114EE7F7-E4DE-4865-9025-D3B2CDA05EEE}
		{24EDF6CB-A8CA-423D-AC90-36A7E867D992} = {1A8B4CBC-6993-44A1-B52D-FCED596A1415}
		{F0E93D44-63AF-4DA4-881A-8720E1D4E0D1} = {1A8B4CBC-6993-44A1-B52D-FCED596A1415}
		{BD7A0A51-D71B-4E6B-A522-6FB859B0BB29} = {1A8B4CBC-6993-44A1-B52D-FCED596A1415}
		{59679217-D522-410F-8367-3D9905C3D74A} = {1A8B4CBC-6993-44A1-B52D-FCED596A1415}
		{29FE207D-0B8F-4FCE-B67F-1B0E0B5DDFAA} = {1A8B4CBC-6993-44A1-B52D-FCED596A1415}
		{D4BD5EC7-596B-43EB-A777-93A98C02E5A9} = {D8614F66-642C-4504-BC97-A9AA63B92AAF}
		{4AB7E050-A00B-4A0D-9293-8FDD0F3ACAED} = {D4BD5EC7-596B-43EB-A777-93A98C02E5A9}
		{E717EF11-C679-4F42-A397-2FFEDEAD22E2} = {D4BD5EC7-596B-43EB-A777-93A98C02E5A9}
		{4FB81C53-0DCD-46B3-813A-6280E8064C52} = {D4BD5EC7-596B-43EB-A777-93A98C02E5A9}
		{2E5CB4CB-9A21-40FB-B891-2F2E4306A226} = {D4BD5EC7-596B-43EB-A777-93A98C02E5A9}
		{2F1DBD3E-C381-4A66-8366-CFBAF4514A68} = {D4BD5EC7-596B-43EB-A777-93A98C02E5A9}
		{FC357060-F086-4D0F-8E98-9C4C62751A2B} = {D8614F66-642C-4504-BC97-A9AA63B92AAF}
		{63CBC64E-6CBA-48B2-84D1-B06AD1A6707D} = {FC357060-F086-4D0F-8E98-9C4C62751A2B}
		{B590B0B4-FF4D-4454-A3BE-893516BF8E0E} = {FC357060-F086-4D0F-8E98-9C4C62751A2B}
		{F63F4073-9742-4103-BFFE-7A8E340047E7} = {FC357060-F086-4D0F-8E98-9C4C62751A2B}
		{B98EC2E8-29DD-4F18-BD60-D0A77C7D22BB} = {D8614F66-642C-4504-BC97-A9AA63B92AAF}
		{DE1FB9F7-E72B-4445-81A7-0EFD8F79F628} = {B98EC2E8-29DD-4F18-BD60-D0A77C7D22BB}
		{805610D8-1B95-48F4-8D8E-90764E99BDF1} = {B98EC2E8-29DD-4F18-BD60-D0A77C7D22BB}
		{9021EB28-2B69-4882-B3F3-56617E713914} = {B98EC2E8-29DD-4F18-BD60-D0A77C7D22BB}
		{D9A47B3E-4385-44B5-AB42-024CFB5C980B} = {B98EC2E8-29DD-4F18-BD60-D0A77C7D22BB}
		{D8614F66-642C-4504-BC97-A9AA63B92AAF} = {3FDFBCED-B4F2-4B13-A353-9C2B7DDCB2D6}
		{8A8794FF-3249-42E7-B0F9-8679B00E38B5} = {D8614F66-642C-4504-BC97-A9AA63B92AAF}
		{42D41D43-ABB9-482F-8351-CF8ECDE0344F} = {8A8794FF-3249-42E7-B0F9-8679B00E38B5}
		{917F493B-E8D3-449A-9778-11BF882BE46A} = {8A8794FF-3249-42E7-B0F9-8679B00E38B5}
		{DEECD19F-8C1A-4E49-93A7-30D3E8FB8CEB} = {8A8794FF-3249-42E7-B0F9-8679B00E38B5}
		{607B52CF-A81D-4CB9-8AE3-CDBBB64D69F8} = {8A8794FF-3249-42E7-B0F9-8679B00E38B5}
		{2E8CE7F6-D923-465A-84CE-8EE7FAE90084} = {D8614F66-642C-4504-BC97-A9AA63B92AAF}
		{54763D61-19EA-4EEF-BB9B-71869DF5BC33} = {2E8CE7F6-D923-465A-84CE-8EE7FAE90084}
		{BC60A5E0-4DCA-4121-BD36-0241AE824780} = {2E8CE7F6-D923-465A-84CE-8EE7FAE90084}
		{E351C613-23FE-483F-9341-0955C7BA4A99} = {2E8CE7F6-D923-465A-84CE-8EE7FAE90084}
		{FA5545E4-B026-4C6B-AEAD-24BCF5E3442D} = {2E8CE7F6-D923-465A-84CE-8EE7FAE90084}
		{C7AB7FE3-1545-44BD-B170-120BED97AB00} = {D8614F66-642C-4504-BC97-A9AA63B92AAF}
		{B5512622-3389-4AD4-B606-856A8BC3BD12} = {C7AB7FE3-1545-44BD-B170-120BED97AB00}
		{7E3FD33E-C997-43B9-BB2F-BD2086C97D78} = {C7AB7FE3-1545-44BD-B170-120BED97AB00}
		{B64C0075-98BB-4916-9EA1-E75C16AD1FFB} = {C7AB7FE3-1545-44BD-B170-120BED97AB00}
		{28EC6C71-264F-4C77-AF5F-EF32BC29D166} = {D8614F66-642C-4504-BC97-A9AA63B92AAF}
		{4B47FB30-934D-4CB5-88E7-B1C3B24FDBFB} = {28EC6C71-264F-4C77-AF5F-EF32BC29D166}
		{7DC35203-EF1B-416C-9FA6-B56F5EE4936E} = {28EC6C71-264F-4C77-AF5F-EF32BC29D166}
		{78D28B2D-6689-40B7-97F7-BE69975BB409} = {28EC6C71-264F-4C77-AF5F-EF32BC29D166}
		{331F8B4E-4F18-4D9C-A434-0ACB589BF098} = {D8614F66-642C-4504-BC97-A9AA63B92AAF}
		{6AD4C6AF-A1F3-451E-AA87-30950A9603BE} = {331F8B4E-4F18-4D9C-A434-0ACB589BF098}
		{E4525AE2-D4CF-4A10-9D3F-7D068356D484} = {331F8B4E-4F18-4D9C-A434-0ACB589BF098}
		{30C7C024-AA74-4A8B-B139-D793A0D6F6E0} = {331F8B4E-4F18-4D9C-A434-0ACB589BF098}
		{04ADA11A-DFF6-4EC4-BD2F-8DF0814F8A78} = {D8614F66-642C-4504-BC97-A9AA63B92AAF}
		{5308559D-F6AC-4500-9934-B9FE96648D81} = {04ADA11A-DFF6-4EC4-BD2F-8DF0814F8A78}
		{AB9CBF4D-8AE3-4630-B84B-25A1004E0F68} = {04ADA11A-DFF6-4EC4-BD2F-8DF0814F8A78}
		{D934EC0A-6AB5-414F-AD0A-C238926754DD} = {04ADA11A-DFF6-4EC4-BD2F-8DF0814F8A78}
		{BACB2529-7DE5-4ACC-9951-C9C5623F2740} = {D8614F66-642C-4504-BC97-A9AA63B92AAF}
		{ADBF5BAE-BB0D-44DE-B191-8807DFC0BA31} = {BACB2529-7DE5-4ACC-9951-C9C5623F2740}
		{47D45849-9421-4BE8-82DF-0C3732C9E2A6} = {BACB2529-7DE5-4ACC-9951-C9C5623F2740}
		{6D90D653-9D9C-4409-983C-66450EC962CE} = {BACB2529-7DE5-4ACC-9951-C9C5623F2740}
		{EB0E9BDC-42C8-4F84-8E14-875ACD0491FC} = {D8614F66-642C-4504-BC97-A9AA63B92AAF}
		{1115EAE7-8061-43DF-8004-5B089C52C2AB} = {EB0E9BDC-42C8-4F84-8E14-875ACD0491FC}
		{2E37EC0C-7A67-4322-9903-05A554A06420} = {EB0E9BDC-42C8-4F84-8E14-875ACD0491FC}
		{6593152D-BC96-4896-9DC3-63E4481EA2CE} = {EB0E9BDC-42C8-4F84-8E14-875ACD0491FC}
		{24AAF0B3-1DEC-4AEC-84E0-928024CB2719} = {D8614F66-642C-4504-BC97-A9AA63B92AAF}
		{8B1942EA-9C70-4098-AF8B-AD6019912CC9} = {24AAF0B3-1DEC-4AEC-84E0-928024CB2719}
		{C5FC7AAF-9D02-4DD3-980E-DEE3DAA7822A} = {24AAF0B3-1DEC-4AEC-84E0-928024CB2719}
		{5E3F745F-9B09-4B75-8D0F-44DA16A20DC3} = {24AAF0B3-1DEC-4AEC-84E0-928024CB2719}
		{32535126-2EE4-423C-AC40-B1182BFB598C} = {24AAF0B3-1DEC-4AEC-84E0-928024CB2719}
		{5DFD3256-0D51-4DC3-A73B-B7B24E2E7E6B} = {D8614F66-642C-4504-BC97-A9AA63B92AAF}
		{B95BF800-B8D0-4950-851C-0781BAC1E942} = {5DFD3256-0D51-4DC3-A73B-B7B24E2E7E6B}
		{8A571B5F-8590-4CD7-A5C1-0DF6A551594B} = {5DFD3256-0D51-4DC3-A73B-B7B24E2E7E6B}
		{F8B0F7EE-6C81-4927-A001-DA64F9E42445} = {5DFD3256-0D51-4DC3-A73B-B7B24E2E7E6B}
		{E4F8C201-FBB3-46D3-BE85-62C95AE9C2EE} = {D8614F66-642C-4504-BC97-A9AA63B92AAF}
		{0B7F0548-4D2B-447C-8032-DB9030D52287} = {E4F8C201-FBB3-46D3-BE85-62C95AE9C2EE}
		{B8E5BC3B-6EC7-415D-9A7D-0E449EB4D067} = {E4F8C201-FBB3-46D3-BE85-62C95AE9C2EE}
		{4CF4E83E-B47B-4F73-87DF-830F0D9ACC93} = {E4F8C201-FBB3-46D3-BE85-62C95AE9C2EE}
		{F04DBEBA-8C20-4A6E-A076-3DD4C6EFD5EF} = {E4F8C201-FBB3-46D3-BE85-62C95AE9C2EE}
		{BC4307BE-7B65-45C7-83F8-A709CF7D8502} = {D8614F66-642C-4504-BC97-A9AA63B92AAF}
		{5BDC6729-3D1C-4944-B372-85E74089C17B} = {BC4307BE-7B65-45C7-83F8-A709CF7D8502}
		{49D05253-15B2-49C4-8C6E-78ACC5C6C633} = {BC4307BE-7B65-45C7-83F8-A709CF7D8502}
		{D573D429-E17F-4DB1-B539-51FDBCA23E7D} = {BC4307BE-7B65-45C7-83F8-A709CF7D8502}
		{D4E50FE6-FEE8-4EDB-B995-4F3225B2B188} = {BC4307BE-7B65-45C7-83F8-A709CF7D8502}
		{2490C773-10ED-4AC9-BDE7-A2F8005752E0} = {D8614F66-642C-4504-BC97-A9AA63B92AAF}
		{635D4682-1AC1-4839-8B4A-5A8BD2A37505} = {2490C773-10ED-4AC9-BDE7-A2F8005752E0}
		{8D501B89-3CE0-4038-B90D-C7220BCC4527} = {2490C773-10ED-4AC9-BDE7-A2F8005752E0}
		{4F328E0A-03D0-4122-B48A-2B59FE1DB38B} = {2490C773-10ED-4AC9-BDE7-A2F8005752E0}
		{D3C1E248-A9F3-4B65-A50D-C7191D74B39E} = {D8614F66-642C-4504-BC97-A9AA63B92AAF}
		{DACE4E81-D4FE-41E3-887E-B9BAA02D4919} = {D3C1E248-A9F3-4B65-A50D-C7191D74B39E}
		{A8B17B31-9481-42DA-91AF-2FC3C63C8AD1} = {D3C1E248-A9F3-4B65-A50D-C7191D74B39E}
		{BE558363-DF3C-4213-82C7-5BFE25F85FAB} = {D3C1E248-A9F3-4B65-A50D-C7191D74B39E}
	EndGlobalSection
	GlobalSection(ExtensibilityGlobals) = postSolution
		SolutionGuid = {E61BC755-28EF-4D04-B147-54A75086C516}
	EndGlobalSection
EndGlobal
