
Microsoft Visual Studio Solution File, Format Version 12.00
# Visual Studio Version 17
VisualStudioVersion = 17.9.34714.143
MinimumVisualStudioVersion = 10.0.40219.1
Project("{2150E333-8FDC-42A3-9474-1A3956D46DE8}") = "20240406", "20240406", "{F8180381-DEAA-4FF7-BCD9-2B1B77DF519B}"
EndProject
Project("{9A19103F-16F7-4668-BE54-9A1E7A4F7556}") = "assignment_A", "20240406\assignment_A\assignment_A.csproj", "{FAC14B38-7726-4732-938A-AE67E7C658FD}"
EndProject
Project("{9A19103F-16F7-4668-BE54-9A1E7A4F7556}") = "assignment_C", "20240406\assignment_C\assignment_C.csproj", "{ED337585-54B2-43A7-A16E-A82132F75979}"
EndProject
Project("{9A19103F-16F7-4668-BE54-9A1E7A4F7556}") = "assignment_B", "20240406\assignment_B\assignment_B.csproj", "{B3A7BA34-926C-4B17-8A34-937D6FBA5C33}"
EndProject
Project("{9A19103F-16F7-4668-BE54-9A1E7A4F7556}") = "assignment_D", "20240406\assignment_D\assignment_D.csproj", "{966BAA7E-C2FD-4FAD-8595-F6F7391B1174}"
EndProject
Project("{2150E333-8FDC-42A3-9474-1A3956D46DE8}") = "20240413", "20240413", "{66CAECF1-C6B1-4E56-8249-67D7B2978CCA}"
EndProject
Project("{9A19103F-16F7-4668-BE54-9A1E7A4F7556}") = "r6_0413_assignment_A", "20240413\r6_0413_assignment_A\r6_0413_assignment_A.csproj", "{96DE6333-AB25-4C15-BE3A-D8B88EC6A970}"
EndProject
Project("{9A19103F-16F7-4668-BE54-9A1E7A4F7556}") = "r6_0413_assignment_B", "20240413\r6_0413_assignment_B\r6_0413_assignment_B.csproj", "{D714F28C-DE0D-4CA5-884C-8BD047C005AD}"
EndProject
Project("{9A19103F-16F7-4668-BE54-9A1E7A4F7556}") = "r6_0413_assignment_C", "20240413\r6_0413_assignment_C\r6_0413_assignment_C.csproj", "{5FC71A41-4DC3-4C27-B6BB-FA194BAD1F8D}"
EndProject
Project("{9A19103F-16F7-4668-BE54-9A1E7A4F7556}") = "r6_0413_assignment_D", "20240413\r6_0413_assignment_D\r6_0413_assignment_D.csproj", "{ACC32E14-E10E-4231-A481-AA125AACAF38}"
EndProject
Project("{9A19103F-16F7-4668-BE54-9A1E7A4F7556}") = "r6_0413_assignment_E", "20240413\r6_0413_assignment_E\r6_0413_assignment_E.csproj", "{818D79B7-3337-428B-8002-9D2C49E8E427}"
EndProject
Project("{9A19103F-16F7-4668-BE54-9A1E7A4F7556}") = "r6_0413_assignment_F", "20240413\r6_0413_assignment_F\r6_0413_assignment_F.csproj", "{6F40806C-0496-4DB6-9432-CE5E08610358}"
EndProject
Project("{9A19103F-16F7-4668-BE54-9A1E7A4F7556}") = "r6_0413_assignment_G", "20240413\r6_0413_assignment_G\r6_0413_assignment_G.csproj", "{6DE9231F-77D0-41FD-81E5-5786D41D867D}"
EndProject
Project("{2150E333-8FDC-42A3-9474-1A3956D46DE8}") = "books", "books", "{02956A1D-F516-48E7-A007-588C0C7FF0BC}"
EndProject
Project("{2150E333-8FDC-42A3-9474-1A3956D46DE8}") = "Golden_rules_of_competitive_programming", "Golden_rules_of_competitive_programming", "{114EE7F7-E4DE-4865-9025-D3B2CDA05EEE}"
EndProject
Project("{9A19103F-16F7-4668-BE54-9A1E7A4F7556}") = "A01_The_First_Problem", "books\Golden_rules_of_competitive_programming\A01_The_First_Problem\A01_The_First_Problem.csproj", "{4BD4661C-3A38-4DFC-9C73-05F9E80DD801}"
EndProject
Project("{9A19103F-16F7-4668-BE54-9A1E7A4F7556}") = "A02_Linear_Search", "books\Golden_rules_of_competitive_programming\A02_Linear_Search\A02_Linear_Search.csproj", "{442183A5-8B0F-4332-8947-FFF92F96DB2A}"
EndProject
Project("{9A19103F-16F7-4668-BE54-9A1E7A4F7556}") = "A03_Two_Cards", "books\Golden_rules_of_competitive_programming\A03_Two_Cards\A03_Two_Cards.csproj", "{C3AFC913-5869-4DF3-B276-1391D04C2DB6}"
EndProject
Project("{9A19103F-16F7-4668-BE54-9A1E7A4F7556}") = "A04_BinaryRepresentation1", "books\Golden_rules_of_competitive_programming\A04_BinaryRepresentation1\A04_BinaryRepresentation1.csproj", "{0D9BC01F-D8D4-4049-998C-62557D0281E1}"
EndProject
Project("{9A19103F-16F7-4668-BE54-9A1E7A4F7556}") = "A05_Three_Cards", "books\Golden_rules_of_competitive_programming\A05_Three_Cards\A05_Three_Cards.csproj", "{788E8F98-B087-4BFF-ABD7-736FD55F64FC}"
EndProject
Project("{2150E333-8FDC-42A3-9474-1A3956D46DE8}") = "20240420", "20240420", "{1A282D6D-9AC7-4B63-B997-F1F787BC4218}"
EndProject
Project("{2150E333-8FDC-42A3-9474-1A3956D46DE8}") = "20240421", "20240421", "{A4FF2C2B-963A-4D2D-9EBD-2AA971A51C47}"
EndProject
Project("{2150E333-8FDC-42A3-9474-1A3956D46DE8}") = "20240427", "20240427", "{B6DC94E1-9EAF-4661-8944-9B01A97351E6}"
EndProject
Project("{2150E333-8FDC-42A3-9474-1A3956D46DE8}") = "20240504", "20240504", "{1A8B4CBC-6993-44A1-B52D-FCED596A1415}"
EndProject
Project("{FAE04EC0-301F-11D3-BF4B-00C04F79EFBC}") = "r6_0420_assingment_A", "20240420\r6_0420_assingment_A\r6_0420_assingment_A.csproj", "{4ECEF5F0-5417-46E4-9BD9-A9FE61826BE2}"
EndProject
Project("{FAE04EC0-301F-11D3-BF4B-00C04F79EFBC}") = "r6_0420_assingment_B", "20240420\r6_0420_assingment_B\r6_0420_assingment_B.csproj", "{EC052693-1AF4-41E1-9A97-074BE58B8AC0}"
EndProject
Project("{FAE04EC0-301F-11D3-BF4B-00C04F79EFBC}") = "r6_0420_assingment_C", "20240420\r6_0420_assingment_C\r6_0420_assingment_C.csproj", "{1605C654-F7F9-45DC-B5A6-78962501D990}"
EndProject
Project("{FAE04EC0-301F-11D3-BF4B-00C04F79EFBC}") = "r6_0420_assingment_D", "20240420\r6_0420_assingment_D\r6_0420_assingment_D.csproj", "{E18A19BB-3EE1-4344-AE74-9FC8112B0343}"
EndProject
Project("{FAE04EC0-301F-11D3-BF4B-00C04F79EFBC}") = "r6_0420_assingment_E", "20240420\r6_0420_assingment_E\r6_0420_assingment_E.csproj", "{3E8D43BE-3875-44EE-BBD2-EFB7FC4365A0}"
EndProject
Project("{FAE04EC0-301F-11D3-BF4B-00C04F79EFBC}") = "r6_0420_assingment_F", "20240420\r6_0420_assingment_F\r6_0420_assingment_F.csproj", "{D1FB95C9-3F4C-49E6-9DDE-7D0F82B76221}"
EndProject
Project("{FAE04EC0-301F-11D3-BF4B-00C04F79EFBC}") = "r6_0420_assingment_G", "20240420\r6_0420_assingment_G\r6_0420_assingment_G.csproj", "{58FB5EF6-89DB-4B4B-A8A1-966A23B1E948}"
EndProject
Project("{FAE04EC0-301F-11D3-BF4B-00C04F79EFBC}") = "r6_0421_assingment_A", "20240421\r6_0421_assingment_A\r6_0421_assingment_A.csproj", "{E2DBB511-DE1E-451A-9001-695BA3E7015E}"
EndProject
Project("{FAE04EC0-301F-11D3-BF4B-00C04F79EFBC}") = "r6_0421_assingment_B", "20240421\r6_0421_assingment_B\r6_0421_assingment_B.csproj", "{57353487-AC28-4BD5-B3D5-421971373315}"
EndProject
Project("{FAE04EC0-301F-11D3-BF4B-00C04F79EFBC}") = "r6_0421_assingment_C", "20240421\r6_0421_assingment_C\r6_0421_assingment_C.csproj", "{B2AC7742-02A2-4CA1-9D8D-32B47154A0BF}"
EndProject
Project("{FAE04EC0-301F-11D3-BF4B-00C04F79EFBC}") = "r6_0421_assingment_D", "20240421\r6_0421_assingment_D\r6_0421_assingment_D.csproj", "{43D7F2ED-9A23-4F9C-B754-69E2493E58E6}"
EndProject
Project("{FAE04EC0-301F-11D3-BF4B-00C04F79EFBC}") = "r6_0421_assingment_E", "20240421\r6_0421_assingment_E\r6_0421_assingment_E.csproj", "{51B9FC97-C891-4D5B-89C0-D6F638F4136B}"
EndProject
Project("{FAE04EC0-301F-11D3-BF4B-00C04F79EFBC}") = "r6_0421_assingment_F", "20240421\r6_0421_assingment_F\r6_0421_assingment_F.csproj", "{F3F179F7-82C2-4965-AE00-1D12611FC28C}"
EndProject
Project("{FAE04EC0-301F-11D3-BF4B-00C04F79EFBC}") = "r6_0421_assingment_G", "20240421\r6_0421_assingment_G\r6_0421_assingment_G.csproj", "{87A03DBB-0817-440B-9F46-DF626E1341A0}"
EndProject
Global
	GlobalSection(SolutionConfigurationPlatforms) = preSolution
		Debug|Any CPU = Debug|Any CPU
		Release|Any CPU = Release|Any CPU
	EndGlobalSection
	GlobalSection(ProjectConfigurationPlatforms) = postSolution
		{FAC14B38-7726-4732-938A-AE67E7C658FD}.Debug|Any CPU.ActiveCfg = Debug|Any CPU
		{FAC14B38-7726-4732-938A-AE67E7C658FD}.Debug|Any CPU.Build.0 = Debug|Any CPU
		{FAC14B38-7726-4732-938A-AE67E7C658FD}.Release|Any CPU.ActiveCfg = Release|Any CPU
		{FAC14B38-7726-4732-938A-AE67E7C658FD}.Release|Any CPU.Build.0 = Release|Any CPU
		{ED337585-54B2-43A7-A16E-A82132F75979}.Debug|Any CPU.ActiveCfg = Debug|Any CPU
		{ED337585-54B2-43A7-A16E-A82132F75979}.Debug|Any CPU.Build.0 = Debug|Any CPU
		{ED337585-54B2-43A7-A16E-A82132F75979}.Release|Any CPU.ActiveCfg = Release|Any CPU
		{ED337585-54B2-43A7-A16E-A82132F75979}.Release|Any CPU.Build.0 = Release|Any CPU
		{B3A7BA34-926C-4B17-8A34-937D6FBA5C33}.Debug|Any CPU.ActiveCfg = Debug|Any CPU
		{B3A7BA34-926C-4B17-8A34-937D6FBA5C33}.Debug|Any CPU.Build.0 = Debug|Any CPU
		{B3A7BA34-926C-4B17-8A34-937D6FBA5C33}.Release|Any CPU.ActiveCfg = Release|Any CPU
		{B3A7BA34-926C-4B17-8A34-937D6FBA5C33}.Release|Any CPU.Build.0 = Release|Any CPU
		{966BAA7E-C2FD-4FAD-8595-F6F7391B1174}.Debug|Any CPU.ActiveCfg = Debug|Any CPU
		{966BAA7E-C2FD-4FAD-8595-F6F7391B1174}.Debug|Any CPU.Build.0 = Debug|Any CPU
		{966BAA7E-C2FD-4FAD-8595-F6F7391B1174}.Release|Any CPU.ActiveCfg = Release|Any CPU
		{966BAA7E-C2FD-4FAD-8595-F6F7391B1174}.Release|Any CPU.Build.0 = Release|Any CPU
		{96DE6333-AB25-4C15-BE3A-D8B88EC6A970}.Debug|Any CPU.ActiveCfg = Debug|Any CPU
		{96DE6333-AB25-4C15-BE3A-D8B88EC6A970}.Debug|Any CPU.Build.0 = Debug|Any CPU
		{96DE6333-AB25-4C15-BE3A-D8B88EC6A970}.Release|Any CPU.ActiveCfg = Release|Any CPU
		{96DE6333-AB25-4C15-BE3A-D8B88EC6A970}.Release|Any CPU.Build.0 = Release|Any CPU
		{D714F28C-DE0D-4CA5-884C-8BD047C005AD}.Debug|Any CPU.ActiveCfg = Debug|Any CPU
		{D714F28C-DE0D-4CA5-884C-8BD047C005AD}.Debug|Any CPU.Build.0 = Debug|Any CPU
		{D714F28C-DE0D-4CA5-884C-8BD047C005AD}.Release|Any CPU.ActiveCfg = Release|Any CPU
		{D714F28C-DE0D-4CA5-884C-8BD047C005AD}.Release|Any CPU.Build.0 = Release|Any CPU
		{5FC71A41-4DC3-4C27-B6BB-FA194BAD1F8D}.Debug|Any CPU.ActiveCfg = Debug|Any CPU
		{5FC71A41-4DC3-4C27-B6BB-FA194BAD1F8D}.Debug|Any CPU.Build.0 = Debug|Any CPU
		{5FC71A41-4DC3-4C27-B6BB-FA194BAD1F8D}.Release|Any CPU.ActiveCfg = Release|Any CPU
		{5FC71A41-4DC3-4C27-B6BB-FA194BAD1F8D}.Release|Any CPU.Build.0 = Release|Any CPU
		{ACC32E14-E10E-4231-A481-AA125AACAF38}.Debug|Any CPU.ActiveCfg = Debug|Any CPU
		{ACC32E14-E10E-4231-A481-AA125AACAF38}.Debug|Any CPU.Build.0 = Debug|Any CPU
		{ACC32E14-E10E-4231-A481-AA125AACAF38}.Release|Any CPU.ActiveCfg = Release|Any CPU
		{ACC32E14-E10E-4231-A481-AA125AACAF38}.Release|Any CPU.Build.0 = Release|Any CPU
		{818D79B7-3337-428B-8002-9D2C49E8E427}.Debug|Any CPU.ActiveCfg = Debug|Any CPU
		{818D79B7-3337-428B-8002-9D2C49E8E427}.Debug|Any CPU.Build.0 = Debug|Any CPU
		{818D79B7-3337-428B-8002-9D2C49E8E427}.Release|Any CPU.ActiveCfg = Release|Any CPU
		{818D79B7-3337-428B-8002-9D2C49E8E427}.Release|Any CPU.Build.0 = Release|Any CPU
		{6F40806C-0496-4DB6-9432-CE5E08610358}.Debug|Any CPU.ActiveCfg = Debug|Any CPU
		{6F40806C-0496-4DB6-9432-CE5E08610358}.Debug|Any CPU.Build.0 = Debug|Any CPU
		{6F40806C-0496-4DB6-9432-CE5E08610358}.Release|Any CPU.ActiveCfg = Release|Any CPU
		{6F40806C-0496-4DB6-9432-CE5E08610358}.Release|Any CPU.Build.0 = Release|Any CPU
		{6DE9231F-77D0-41FD-81E5-5786D41D867D}.Debug|Any CPU.ActiveCfg = Debug|Any CPU
		{6DE9231F-77D0-41FD-81E5-5786D41D867D}.Debug|Any CPU.Build.0 = Debug|Any CPU
		{6DE9231F-77D0-41FD-81E5-5786D41D867D}.Release|Any CPU.ActiveCfg = Release|Any CPU
		{6DE9231F-77D0-41FD-81E5-5786D41D867D}.Release|Any CPU.Build.0 = Release|Any CPU
		{4BD4661C-3A38-4DFC-9C73-05F9E80DD801}.Debug|Any CPU.ActiveCfg = Debug|Any CPU
		{4BD4661C-3A38-4DFC-9C73-05F9E80DD801}.Debug|Any CPU.Build.0 = Debug|Any CPU
		{4BD4661C-3A38-4DFC-9C73-05F9E80DD801}.Release|Any CPU.ActiveCfg = Release|Any CPU
		{4BD4661C-3A38-4DFC-9C73-05F9E80DD801}.Release|Any CPU.Build.0 = Release|Any CPU
		{442183A5-8B0F-4332-8947-FFF92F96DB2A}.Debug|Any CPU.ActiveCfg = Debug|Any CPU
		{442183A5-8B0F-4332-8947-FFF92F96DB2A}.Debug|Any CPU.Build.0 = Debug|Any CPU
		{442183A5-8B0F-4332-8947-FFF92F96DB2A}.Release|Any CPU.ActiveCfg = Release|Any CPU
		{442183A5-8B0F-4332-8947-FFF92F96DB2A}.Release|Any CPU.Build.0 = Release|Any CPU
		{C3AFC913-5869-4DF3-B276-1391D04C2DB6}.Debug|Any CPU.ActiveCfg = Debug|Any CPU
		{C3AFC913-5869-4DF3-B276-1391D04C2DB6}.Debug|Any CPU.Build.0 = Debug|Any CPU
		{C3AFC913-5869-4DF3-B276-1391D04C2DB6}.Release|Any CPU.ActiveCfg = Release|Any CPU
		{C3AFC913-5869-4DF3-B276-1391D04C2DB6}.Release|Any CPU.Build.0 = Release|Any CPU
		{0D9BC01F-D8D4-4049-998C-62557D0281E1}.Debug|Any CPU.ActiveCfg = Debug|Any CPU
		{0D9BC01F-D8D4-4049-998C-62557D0281E1}.Debug|Any CPU.Build.0 = Debug|Any CPU
		{0D9BC01F-D8D4-4049-998C-62557D0281E1}.Release|Any CPU.ActiveCfg = Release|Any CPU
		{0D9BC01F-D8D4-4049-998C-62557D0281E1}.Release|Any CPU.Build.0 = Release|Any CPU
		{788E8F98-B087-4BFF-ABD7-736FD55F64FC}.Debug|Any CPU.ActiveCfg = Debug|Any CPU
		{788E8F98-B087-4BFF-ABD7-736FD55F64FC}.Debug|Any CPU.Build.0 = Debug|Any CPU
		{788E8F98-B087-4BFF-ABD7-736FD55F64FC}.Release|Any CPU.ActiveCfg = Release|Any CPU
		{788E8F98-B087-4BFF-ABD7-736FD55F64FC}.Release|Any CPU.Build.0 = Release|Any CPU
		{4ECEF5F0-5417-46E4-9BD9-A9FE61826BE2}.Debug|Any CPU.ActiveCfg = Debug|Any CPU
		{4ECEF5F0-5417-46E4-9BD9-A9FE61826BE2}.Debug|Any CPU.Build.0 = Debug|Any CPU
		{4ECEF5F0-5417-46E4-9BD9-A9FE61826BE2}.Release|Any CPU.ActiveCfg = Release|Any CPU
		{4ECEF5F0-5417-46E4-9BD9-A9FE61826BE2}.Release|Any CPU.Build.0 = Release|Any CPU
		{EC052693-1AF4-41E1-9A97-074BE58B8AC0}.Debug|Any CPU.ActiveCfg = Debug|Any CPU
		{EC052693-1AF4-41E1-9A97-074BE58B8AC0}.Debug|Any CPU.Build.0 = Debug|Any CPU
		{EC052693-1AF4-41E1-9A97-074BE58B8AC0}.Release|Any CPU.ActiveCfg = Release|Any CPU
		{EC052693-1AF4-41E1-9A97-074BE58B8AC0}.Release|Any CPU.Build.0 = Release|Any CPU
		{1605C654-F7F9-45DC-B5A6-78962501D990}.Debug|Any CPU.ActiveCfg = Debug|Any CPU
		{1605C654-F7F9-45DC-B5A6-78962501D990}.Debug|Any CPU.Build.0 = Debug|Any CPU
		{1605C654-F7F9-45DC-B5A6-78962501D990}.Release|Any CPU.ActiveCfg = Release|Any CPU
		{1605C654-F7F9-45DC-B5A6-78962501D990}.Release|Any CPU.Build.0 = Release|Any CPU
		{E18A19BB-3EE1-4344-AE74-9FC8112B0343}.Debug|Any CPU.ActiveCfg = Debug|Any CPU
		{E18A19BB-3EE1-4344-AE74-9FC8112B0343}.Debug|Any CPU.Build.0 = Debug|Any CPU
		{E18A19BB-3EE1-4344-AE74-9FC8112B0343}.Release|Any CPU.ActiveCfg = Release|Any CPU
		{E18A19BB-3EE1-4344-AE74-9FC8112B0343}.Release|Any CPU.Build.0 = Release|Any CPU
		{3E8D43BE-3875-44EE-BBD2-EFB7FC4365A0}.Debug|Any CPU.ActiveCfg = Debug|Any CPU
		{3E8D43BE-3875-44EE-BBD2-EFB7FC4365A0}.Debug|Any CPU.Build.0 = Debug|Any CPU
		{3E8D43BE-3875-44EE-BBD2-EFB7FC4365A0}.Release|Any CPU.ActiveCfg = Release|Any CPU
		{3E8D43BE-3875-44EE-BBD2-EFB7FC4365A0}.Release|Any CPU.Build.0 = Release|Any CPU
		{D1FB95C9-3F4C-49E6-9DDE-7D0F82B76221}.Debug|Any CPU.ActiveCfg = Debug|Any CPU
		{D1FB95C9-3F4C-49E6-9DDE-7D0F82B76221}.Debug|Any CPU.Build.0 = Debug|Any CPU
		{D1FB95C9-3F4C-49E6-9DDE-7D0F82B76221}.Release|Any CPU.ActiveCfg = Release|Any CPU
		{D1FB95C9-3F4C-49E6-9DDE-7D0F82B76221}.Release|Any CPU.Build.0 = Release|Any CPU
		{58FB5EF6-89DB-4B4B-A8A1-966A23B1E948}.Debug|Any CPU.ActiveCfg = Debug|Any CPU
		{58FB5EF6-89DB-4B4B-A8A1-966A23B1E948}.Debug|Any CPU.Build.0 = Debug|Any CPU
		{58FB5EF6-89DB-4B4B-A8A1-966A23B1E948}.Release|Any CPU.ActiveCfg = Release|Any CPU
		{58FB5EF6-89DB-4B4B-A8A1-966A23B1E948}.Release|Any CPU.Build.0 = Release|Any CPU
		{E2DBB511-DE1E-451A-9001-695BA3E7015E}.Debug|Any CPU.ActiveCfg = Debug|Any CPU
		{E2DBB511-DE1E-451A-9001-695BA3E7015E}.Debug|Any CPU.Build.0 = Debug|Any CPU
		{E2DBB511-DE1E-451A-9001-695BA3E7015E}.Release|Any CPU.ActiveCfg = Release|Any CPU
		{E2DBB511-DE1E-451A-9001-695BA3E7015E}.Release|Any CPU.Build.0 = Release|Any CPU
		{57353487-AC28-4BD5-B3D5-421971373315}.Debug|Any CPU.ActiveCfg = Debug|Any CPU
		{57353487-AC28-4BD5-B3D5-421971373315}.Debug|Any CPU.Build.0 = Debug|Any CPU
		{57353487-AC28-4BD5-B3D5-421971373315}.Release|Any CPU.ActiveCfg = Release|Any CPU
		{57353487-AC28-4BD5-B3D5-421971373315}.Release|Any CPU.Build.0 = Release|Any CPU
		{B2AC7742-02A2-4CA1-9D8D-32B47154A0BF}.Debug|Any CPU.ActiveCfg = Debug|Any CPU
		{B2AC7742-02A2-4CA1-9D8D-32B47154A0BF}.Debug|Any CPU.Build.0 = Debug|Any CPU
		{B2AC7742-02A2-4CA1-9D8D-32B47154A0BF}.Release|Any CPU.ActiveCfg = Release|Any CPU
		{B2AC7742-02A2-4CA1-9D8D-32B47154A0BF}.Release|Any CPU.Build.0 = Release|Any CPU
		{43D7F2ED-9A23-4F9C-B754-69E2493E58E6}.Debug|Any CPU.ActiveCfg = Debug|Any CPU
		{43D7F2ED-9A23-4F9C-B754-69E2493E58E6}.Debug|Any CPU.Build.0 = Debug|Any CPU
		{43D7F2ED-9A23-4F9C-B754-69E2493E58E6}.Release|Any CPU.ActiveCfg = Release|Any CPU
		{43D7F2ED-9A23-4F9C-B754-69E2493E58E6}.Release|Any CPU.Build.0 = Release|Any CPU
		{51B9FC97-C891-4D5B-89C0-D6F638F4136B}.Debug|Any CPU.ActiveCfg = Debug|Any CPU
		{51B9FC97-C891-4D5B-89C0-D6F638F4136B}.Debug|Any CPU.Build.0 = Debug|Any CPU
		{51B9FC97-C891-4D5B-89C0-D6F638F4136B}.Release|Any CPU.ActiveCfg = Release|Any CPU
		{51B9FC97-C891-4D5B-89C0-D6F638F4136B}.Release|Any CPU.Build.0 = Release|Any CPU
		{F3F179F7-82C2-4965-AE00-1D12611FC28C}.Debug|Any CPU.ActiveCfg = Debug|Any CPU
		{F3F179F7-82C2-4965-AE00-1D12611FC28C}.Debug|Any CPU.Build.0 = Debug|Any CPU
		{F3F179F7-82C2-4965-AE00-1D12611FC28C}.Release|Any CPU.ActiveCfg = Release|Any CPU
		{F3F179F7-82C2-4965-AE00-1D12611FC28C}.Release|Any CPU.Build.0 = Release|Any CPU
		{87A03DBB-0817-440B-9F46-DF626E1341A0}.Debug|Any CPU.ActiveCfg = Debug|Any CPU
		{87A03DBB-0817-440B-9F46-DF626E1341A0}.Debug|Any CPU.Build.0 = Debug|Any CPU
		{87A03DBB-0817-440B-9F46-DF626E1341A0}.Release|Any CPU.ActiveCfg = Release|Any CPU
		{87A03DBB-0817-440B-9F46-DF626E1341A0}.Release|Any CPU.Build.0 = Release|Any CPU
	EndGlobalSection
	GlobalSection(SolutionProperties) = preSolution
		HideSolutionNode = FALSE
	EndGlobalSection
	GlobalSection(NestedProjects) = preSolution
		{FAC14B38-7726-4732-938A-AE67E7C658FD} = {F8180381-DEAA-4FF7-BCD9-2B1B77DF519B}
		{ED337585-54B2-43A7-A16E-A82132F75979} = {F8180381-DEAA-4FF7-BCD9-2B1B77DF519B}
		{B3A7BA34-926C-4B17-8A34-937D6FBA5C33} = {F8180381-DEAA-4FF7-BCD9-2B1B77DF519B}
		{966BAA7E-C2FD-4FAD-8595-F6F7391B1174} = {F8180381-DEAA-4FF7-BCD9-2B1B77DF519B}
		{96DE6333-AB25-4C15-BE3A-D8B88EC6A970} = {66CAECF1-C6B1-4E56-8249-67D7B2978CCA}
		{D714F28C-DE0D-4CA5-884C-8BD047C005AD} = {66CAECF1-C6B1-4E56-8249-67D7B2978CCA}
		{5FC71A41-4DC3-4C27-B6BB-FA194BAD1F8D} = {66CAECF1-C6B1-4E56-8249-67D7B2978CCA}
		{ACC32E14-E10E-4231-A481-AA125AACAF38} = {66CAECF1-C6B1-4E56-8249-67D7B2978CCA}
		{818D79B7-3337-428B-8002-9D2C49E8E427} = {66CAECF1-C6B1-4E56-8249-67D7B2978CCA}
		{6F40806C-0496-4DB6-9432-CE5E08610358} = {66CAECF1-C6B1-4E56-8249-67D7B2978CCA}
		{6DE9231F-77D0-41FD-81E5-5786D41D867D} = {66CAECF1-C6B1-4E56-8249-67D7B2978CCA}
		{114EE7F7-E4DE-4865-9025-D3B2CDA05EEE} = {02956A1D-F516-48E7-A007-588C0C7FF0BC}
		{4BD4661C-3A38-4DFC-9C73-05F9E80DD801} = {114EE7F7-E4DE-4865-9025-D3B2CDA05EEE}
		{442183A5-8B0F-4332-8947-FFF92F96DB2A} = {114EE7F7-E4DE-4865-9025-D3B2CDA05EEE}
		{C3AFC913-5869-4DF3-B276-1391D04C2DB6} = {114EE7F7-E4DE-4865-9025-D3B2CDA05EEE}
		{0D9BC01F-D8D4-4049-998C-62557D0281E1} = {114EE7F7-E4DE-4865-9025-D3B2CDA05EEE}
		{788E8F98-B087-4BFF-ABD7-736FD55F64FC} = {114EE7F7-E4DE-4865-9025-D3B2CDA05EEE}
		{4ECEF5F0-5417-46E4-9BD9-A9FE61826BE2} = {1A282D6D-9AC7-4B63-B997-F1F787BC4218}
		{EC052693-1AF4-41E1-9A97-074BE58B8AC0} = {1A282D6D-9AC7-4B63-B997-F1F787BC4218}
		{1605C654-F7F9-45DC-B5A6-78962501D990} = {1A282D6D-9AC7-4B63-B997-F1F787BC4218}
		{E18A19BB-3EE1-4344-AE74-9FC8112B0343} = {1A282D6D-9AC7-4B63-B997-F1F787BC4218}
		{3E8D43BE-3875-44EE-BBD2-EFB7FC4365A0} = {1A282D6D-9AC7-4B63-B997-F1F787BC4218}
		{D1FB95C9-3F4C-49E6-9DDE-7D0F82B76221} = {1A282D6D-9AC7-4B63-B997-F1F787BC4218}
		{58FB5EF6-89DB-4B4B-A8A1-966A23B1E948} = {1A282D6D-9AC7-4B63-B997-F1F787BC4218}
		{E2DBB511-DE1E-451A-9001-695BA3E7015E} = {A4FF2C2B-963A-4D2D-9EBD-2AA971A51C47}
		{57353487-AC28-4BD5-B3D5-421971373315} = {A4FF2C2B-963A-4D2D-9EBD-2AA971A51C47}
		{B2AC7742-02A2-4CA1-9D8D-32B47154A0BF} = {A4FF2C2B-963A-4D2D-9EBD-2AA971A51C47}
		{43D7F2ED-9A23-4F9C-B754-69E2493E58E6} = {A4FF2C2B-963A-4D2D-9EBD-2AA971A51C47}
		{51B9FC97-C891-4D5B-89C0-D6F638F4136B} = {A4FF2C2B-963A-4D2D-9EBD-2AA971A51C47}
		{F3F179F7-82C2-4965-AE00-1D12611FC28C} = {A4FF2C2B-963A-4D2D-9EBD-2AA971A51C47}
		{87A03DBB-0817-440B-9F46-DF626E1341A0} = {A4FF2C2B-963A-4D2D-9EBD-2AA971A51C47}
	EndGlobalSection
	GlobalSection(ExtensibilityGlobals) = postSolution
		SolutionGuid = {E61BC755-28EF-4D04-B147-54A75086C516}
	EndGlobalSection
EndGlobal
